// !$*UTF8*$!
{
	archiveVersion = 1;
	classes = {
	};
	objectVersion = 46;
	objects = {

/* Begin PBXBuildFile section */
		3B1F48531DCB15ED0059FF8C /* TestViewController.m in Sources */ = {isa = PBXBuildFile; fileRef = 3B1F48521DCB15ED0059FF8C /* TestViewController.m */; };
		3B1F48551DCB26D90059FF8C /* Test.storyboard in Resources */ = {isa = PBXBuildFile; fileRef = 3B1F48541DCB26D90059FF8C /* Test.storyboard */; };
		3B20D6241DB151C10058D353 /* Scheme.m in Sources */ = {isa = PBXBuildFile; fileRef = 3B20D6231DB151C10058D353 /* Scheme.m */; };
		3B20D6261DB2184A0058D353 /* Assets.xcassets in Resources */ = {isa = PBXBuildFile; fileRef = 3B20D6251DB2184A0058D353 /* Assets.xcassets */; };
		3B213E701DAA672C0044C61A /* SexProductItem.m in Sources */ = {isa = PBXBuildFile; fileRef = 3B213E6F1DAA672C0044C61A /* SexProductItem.m */; };
		3B2E1FD51DADDCFE0088DF45 /* SexShareSerivce.m in Sources */ = {isa = PBXBuildFile; fileRef = 3B2E1FD41DADDCFE0088DF45 /* SexShareSerivce.m */; };
		3B3361DA1DB4D47B00D48503 /* SSKeychain.m in Sources */ = {isa = PBXBuildFile; fileRef = 3B3361D91DB4D47B00D48503 /* SSKeychain.m */; };
		3B3361DC1DB4D48800D48503 /* Security.framework in Frameworks */ = {isa = PBXBuildFile; fileRef = 3B3361DB1DB4D48800D48503 /* Security.framework */; };
		3B3361DF1DB4D5E300D48503 /* UIScrollView+MaskView.m in Sources */ = {isa = PBXBuildFile; fileRef = 3B3361DE1DB4D5E300D48503 /* UIScrollView+MaskView.m */; };
		3B39114E1DB224D100F82B4A /* SexUser.m in Sources */ = {isa = PBXBuildFile; fileRef = 3B39114D1DB224D100F82B4A /* SexUser.m */; };
		3B3911511DB2261000F82B4A /* MeViewModel.m in Sources */ = {isa = PBXBuildFile; fileRef = 3B3911501DB2261000F82B4A /* MeViewModel.m */; };
		3B3911551DB328FC00F82B4A /* HYEdgeInsetsButton.m in Sources */ = {isa = PBXBuildFile; fileRef = 3B3911541DB328FC00F82B4A /* HYEdgeInsetsButton.m */; };
		3B3911591DB3326B00F82B4A /* MessageTableViewController.m in Sources */ = {isa = PBXBuildFile; fileRef = 3B3911581DB3326B00F82B4A /* MessageTableViewController.m */; };
		3B39115D1DB3337C00F82B4A /* ConsumerServiceViewController.m in Sources */ = {isa = PBXBuildFile; fileRef = 3B39115C1DB3337C00F82B4A /* ConsumerServiceViewController.m */; };
		3B3911621DB3393F00F82B4A /* DataBaseService.m in Sources */ = {isa = PBXBuildFile; fileRef = 3B3911611DB3393F00F82B4A /* DataBaseService.m */; };
		3B3911661DB3E9E200F82B4A /* UIScrollView+SexRefresh.m in Sources */ = {isa = PBXBuildFile; fileRef = 3B3911651DB3E9E200F82B4A /* UIScrollView+SexRefresh.m */; };
		3B57716D1D9CAB0300F2AB45 /* Login.storyboard in Resources */ = {isa = PBXBuildFile; fileRef = 3B57716C1D9CAB0300F2AB45 /* Login.storyboard */; };
		3B5771701D9CAB1700F2AB45 /* LoginViewController.m in Sources */ = {isa = PBXBuildFile; fileRef = 3B57716F1D9CAB1700F2AB45 /* LoginViewController.m */; };
		3B5771731D9CB89900F2AB45 /* FastLoginViewModel.m in Sources */ = {isa = PBXBuildFile; fileRef = 3B5771721D9CB89900F2AB45 /* FastLoginViewModel.m */; };
		3B5871271DD082C9004A34A8 /* LaunchGuideView.m in Sources */ = {isa = PBXBuildFile; fileRef = 3B5871261DD082C9004A34A8 /* LaunchGuideView.m */; };
		3B7E2ACD1DAA1AD3009FF851 /* HorizontailListView.m in Sources */ = {isa = PBXBuildFile; fileRef = 3B7E2ACC1DAA1AD3009FF851 /* HorizontailListView.m */; };
		3B7E2AD01DAA1AE8009FF851 /* HorizontailListView.xib in Resources */ = {isa = PBXBuildFile; fileRef = 3B7E2ACF1DAA1AE8009FF851 /* HorizontailListView.xib */; };
		3B7E2AD41DAA1FC2009FF851 /* SearchResultListView.m in Sources */ = {isa = PBXBuildFile; fileRef = 3B7E2AD31DAA1FC2009FF851 /* SearchResultListView.m */; };
		3B7E2AD61DAA2472009FF851 /* SearchResultListView.xib in Resources */ = {isa = PBXBuildFile; fileRef = 3B7E2AD51DAA2472009FF851 /* SearchResultListView.xib */; };
		3B7E2ADA1DAA26E9009FF851 /* SearchResultListCollectionViewCell.m in Sources */ = {isa = PBXBuildFile; fileRef = 3B7E2AD81DAA26E9009FF851 /* SearchResultListCollectionViewCell.m */; };
		3B7E2ADB1DAA26E9009FF851 /* SearchResultListCollectionViewCell.xib in Resources */ = {isa = PBXBuildFile; fileRef = 3B7E2AD91DAA26E9009FF851 /* SearchResultListCollectionViewCell.xib */; };
		3B7E2ADF1DAA2745009FF851 /* ResultItemCollectionViewCell.m in Sources */ = {isa = PBXBuildFile; fileRef = 3B7E2ADD1DAA2745009FF851 /* ResultItemCollectionViewCell.m */; };
		3B7E2AE01DAA2745009FF851 /* ResultItemCollectionViewCell.xib in Resources */ = {isa = PBXBuildFile; fileRef = 3B7E2ADE1DAA2745009FF851 /* ResultItemCollectionViewCell.xib */; };
		3B7E2AE31DAA2A3D009FF851 /* SearchViewModel.m in Sources */ = {isa = PBXBuildFile; fileRef = 3B7E2AE21DAA2A3D009FF851 /* SearchViewModel.m */; };
		3B84ABBB1DB07BAE00694B71 /* RequestServiceManager.m in Sources */ = {isa = PBXBuildFile; fileRef = 3B84ABBA1DB07BAE00694B71 /* RequestServiceManager.m */; };
		3B84ABC01DB0A67B00694B71 /* RecommendView.m in Sources */ = {isa = PBXBuildFile; fileRef = 3B84ABBF1DB0A67B00694B71 /* RecommendView.m */; };
		3B84ABC21DB0A6E000694B71 /* RecommendView.xib in Resources */ = {isa = PBXBuildFile; fileRef = 3B84ABC11DB0A6E000694B71 /* RecommendView.xib */; };
		3B84ABC51DB0A70500694B71 /* RecommendViewModel.m in Sources */ = {isa = PBXBuildFile; fileRef = 3B84ABC41DB0A70500694B71 /* RecommendViewModel.m */; };
		3B84ABCF1DB0ADFB00694B71 /* SexCollectionViewCell.m in Sources */ = {isa = PBXBuildFile; fileRef = 3B84ABCD1DB0ADFB00694B71 /* SexCollectionViewCell.m */; };
		3B84ABD01DB0ADFB00694B71 /* SexCollectionViewCell.xib in Resources */ = {isa = PBXBuildFile; fileRef = 3B84ABCE1DB0ADFB00694B71 /* SexCollectionViewCell.xib */; };
		3B84ABD41DB0AF7300694B71 /* SexModel.m in Sources */ = {isa = PBXBuildFile; fileRef = 3B84ABD31DB0AF7300694B71 /* SexModel.m */; };
		3B9422291DAA4AA600998719 /* SearchOptionsView.m in Sources */ = {isa = PBXBuildFile; fileRef = 3B9422281DAA4AA600998719 /* SearchOptionsView.m */; };
		3B94222B1DAA4AB800998719 /* SearchOptionsView.xib in Resources */ = {isa = PBXBuildFile; fileRef = 3B94222A1DAA4AB800998719 /* SearchOptionsView.xib */; };
		3BA4B0711DAB64D1002986FB /* SystemConfiguration.framework in Frameworks */ = {isa = PBXBuildFile; fileRef = 3BA4B0701DAB64D1002986FB /* SystemConfiguration.framework */; };
		3BA4B0731DAB6507002986FB /* CoreTelephony.framework in Frameworks */ = {isa = PBXBuildFile; fileRef = 3BA4B0721DAB6507002986FB /* CoreTelephony.framework */; };
		3BA4B0751DAB6513002986FB /* libsqlite3.0.tbd in Frameworks */ = {isa = PBXBuildFile; fileRef = 3BA4B0741DAB6513002986FB /* libsqlite3.0.tbd */; };
		3BA4B0771DAB6520002986FB /* libc++.tbd in Frameworks */ = {isa = PBXBuildFile; fileRef = 3BA4B0761DAB6520002986FB /* libc++.tbd */; };
		3BA4B07C1DAB6A5F002986FB /* libz.tbd in Frameworks */ = {isa = PBXBuildFile; fileRef = 3BA4B07B1DAB6A5F002986FB /* libz.tbd */; };
		3BA4B07F1DAB80D3002986FB /* ShoppingCartViewController.m in Sources */ = {isa = PBXBuildFile; fileRef = 3BA4B07E1DAB80D3002986FB /* ShoppingCartViewController.m */; };
		3BA4B0811DAB80E1002986FB /* ShoppingCart.storyboard in Resources */ = {isa = PBXBuildFile; fileRef = 3BA4B0801DAB80E1002986FB /* ShoppingCart.storyboard */; };
		3BA4B0851DAB8CAE002986FB /* NumberCountView.m in Sources */ = {isa = PBXBuildFile; fileRef = 3BA4B0841DAB8CAE002986FB /* NumberCountView.m */; };
		3BA4B0871DAB8CBF002986FB /* NumberCountView.xib in Resources */ = {isa = PBXBuildFile; fileRef = 3BA4B0861DAB8CBF002986FB /* NumberCountView.xib */; };
		3BA4B08A1DAB91DB002986FB /* ShoppingCartTableViewCell.m in Sources */ = {isa = PBXBuildFile; fileRef = 3BA4B0891DAB91DB002986FB /* ShoppingCartTableViewCell.m */; };
		3BA4B0911DAB9769002986FB /* TotalCostView.m in Sources */ = {isa = PBXBuildFile; fileRef = 3BA4B08F1DAB9769002986FB /* TotalCostView.m */; };
		3BA4B0921DAB9769002986FB /* TotalCostView.xib in Resources */ = {isa = PBXBuildFile; fileRef = 3BA4B0901DAB9769002986FB /* TotalCostView.xib */; };
		3BA4B0951DAB99EF002986FB /* CostCountViewModel.m in Sources */ = {isa = PBXBuildFile; fileRef = 3BA4B0941DAB99EF002986FB /* CostCountViewModel.m */; };
		3BA4B09A1DAB9FE2002986FB /* CartPorduct.m in Sources */ = {isa = PBXBuildFile; fileRef = 3BA4B0991DAB9FE2002986FB /* CartPorduct.m */; };
		3BD342221DAF732100602F76 /* ShoppingcartAttachmentTableViewCell.m in Sources */ = {isa = PBXBuildFile; fileRef = 3BD342211DAF732100602F76 /* ShoppingcartAttachmentTableViewCell.m */; };
		3BD342241DAF765C00602F76 /* ShoppingcartHeaderView.xib in Resources */ = {isa = PBXBuildFile; fileRef = 3BD342231DAF765C00602F76 /* ShoppingcartHeaderView.xib */; };
		3BD342271DAF7BBB00602F76 /* BillViewController.m in Sources */ = {isa = PBXBuildFile; fileRef = 3BD342261DAF7BBB00602F76 /* BillViewController.m */; };
		3BD3422A1DAF7EF100602F76 /* BillViewModel.m in Sources */ = {isa = PBXBuildFile; fileRef = 3BD342291DAF7EF100602F76 /* BillViewModel.m */; };
		3BD3422D1DAF897C00602F76 /* Address.storyboard in Resources */ = {isa = PBXBuildFile; fileRef = 3BD3422C1DAF897C00602F76 /* Address.storyboard */; };
		3BD342301DAF89A800602F76 /* AddressesViewController.m in Sources */ = {isa = PBXBuildFile; fileRef = 3BD3422F1DAF89A800602F76 /* AddressesViewController.m */; };
		3BD342331DAF89B200602F76 /* CreateAddressViewController.m in Sources */ = {isa = PBXBuildFile; fileRef = 3BD342321DAF89B200602F76 /* CreateAddressViewController.m */; };
		3BD342361DAF8DA900602F76 /* PayTableViewCell.m in Sources */ = {isa = PBXBuildFile; fileRef = 3BD342351DAF8DA900602F76 /* PayTableViewCell.m */; };
		3BD396C71D9BED1C00768B89 /* main.m in Sources */ = {isa = PBXBuildFile; fileRef = 3BD396C61D9BED1C00768B89 /* main.m */; };
		3BD396CA1D9BED1C00768B89 /* AppDelegate.m in Sources */ = {isa = PBXBuildFile; fileRef = 3BD396C91D9BED1C00768B89 /* AppDelegate.m */; };
		3BD396CD1D9BED1C00768B89 /* ViewController.m in Sources */ = {isa = PBXBuildFile; fileRef = 3BD396CC1D9BED1C00768B89 /* ViewController.m */; };
		3BD396D01D9BED1C00768B89 /* Main.storyboard in Resources */ = {isa = PBXBuildFile; fileRef = 3BD396CE1D9BED1C00768B89 /* Main.storyboard */; };
		3BD396D51D9BED1C00768B89 /* LaunchScreen.storyboard in Resources */ = {isa = PBXBuildFile; fileRef = 3BD396D31D9BED1C00768B89 /* LaunchScreen.storyboard */; };
		3BD396E31D9BF01300768B89 /* TabbarController.m in Sources */ = {isa = PBXBuildFile; fileRef = 3BD396E21D9BF01300768B89 /* TabbarController.m */; };
		3BD396E61D9BF07A00768B89 /* ListsCollectionViewController.m in Sources */ = {isa = PBXBuildFile; fileRef = 3BD396E51D9BF07A00768B89 /* ListsCollectionViewController.m */; };
		3BD396E91D9BF09700768B89 /* HomeViewController.m in Sources */ = {isa = PBXBuildFile; fileRef = 3BD396E81D9BF09700768B89 /* HomeViewController.m */; };
		3BD396EB1D9BF0DB00768B89 /* Home.storyboard in Resources */ = {isa = PBXBuildFile; fileRef = 3BD396EA1D9BF0DB00768B89 /* Home.storyboard */; };
		3BD396ED1D9BF0E500768B89 /* Lists.storyboard in Resources */ = {isa = PBXBuildFile; fileRef = 3BD396EC1D9BF0E500768B89 /* Lists.storyboard */; };
		3BD396F01D9BF39400768B89 /* MeViewController.m in Sources */ = {isa = PBXBuildFile; fileRef = 3BD396EF1D9BF39400768B89 /* MeViewController.m */; };
		3BD396F21D9BF39F00768B89 /* Me.storyboard in Resources */ = {isa = PBXBuildFile; fileRef = 3BD396F11D9BF39F00768B89 /* Me.storyboard */; };
		3BD396F71D9BF77900768B89 /* RequestService.m in Sources */ = {isa = PBXBuildFile; fileRef = 3BD396F61D9BF77900768B89 /* RequestService.m */; };
		3BD396FB1D9BF9D500768B89 /* SexChannel.m in Sources */ = {isa = PBXBuildFile; fileRef = 3BD396FA1D9BF9D500768B89 /* SexChannel.m */; };
		3BD397011D9BFB6A00768B89 /* ListsViewModel.m in Sources */ = {isa = PBXBuildFile; fileRef = 3BD397001D9BFB6A00768B89 /* ListsViewModel.m */; };
		3BD397041D9C071200768B89 /* ListsCollectionViewCell.m in Sources */ = {isa = PBXBuildFile; fileRef = 3BD397031D9C071200768B89 /* ListsCollectionViewCell.m */; };
		3BD397071D9C109800768B89 /* ListsHeaderCollectionReusableView.m in Sources */ = {isa = PBXBuildFile; fileRef = 3BD397061D9C109800768B89 /* ListsHeaderCollectionReusableView.m */; };
		3BD3970A1D9C1FDB00768B89 /* HeaderCollectionViewCell.m in Sources */ = {isa = PBXBuildFile; fileRef = 3BD397091D9C1FDB00768B89 /* HeaderCollectionViewCell.m */; };
		3BD3970D1D9C222700768B89 /* SearchViewController.m in Sources */ = {isa = PBXBuildFile; fileRef = 3BD3970C1D9C222700768B89 /* SearchViewController.m */; };
		3BD65D4F1D9CEAB2003EE6F3 /* HomeListCollectionView.m in Sources */ = {isa = PBXBuildFile; fileRef = 3BD65D4E1D9CEAB2003EE6F3 /* HomeListCollectionView.m */; };
		3BD65D541D9CEB00003EE6F3 /* HomeListViewModel.m in Sources */ = {isa = PBXBuildFile; fileRef = 3BD65D531D9CEB00003EE6F3 /* HomeListViewModel.m */; };
		3BD65D5A1D9CECB7003EE6F3 /* HomeListsTableView.m in Sources */ = {isa = PBXBuildFile; fileRef = 3BD65D591D9CECB7003EE6F3 /* HomeListsTableView.m */; };
		3BD65D5E1D9CEE31003EE6F3 /* HomeListAriticleTableViewCell.m in Sources */ = {isa = PBXBuildFile; fileRef = 3BD65D5C1D9CEE31003EE6F3 /* HomeListAriticleTableViewCell.m */; };
		3BD65D5F1D9CEE31003EE6F3 /* HomeListAriticleTableViewCell.xib in Resources */ = {isa = PBXBuildFile; fileRef = 3BD65D5D1D9CEE31003EE6F3 /* HomeListAriticleTableViewCell.xib */; };
		3BD65D611D9CEF22003EE6F3 /* littledog.jpg in Resources */ = {isa = PBXBuildFile; fileRef = 3BD65D601D9CEF22003EE6F3 /* littledog.jpg */; };
		3BD65D651D9CF229003EE6F3 /* HomeListsView.m in Sources */ = {isa = PBXBuildFile; fileRef = 3BD65D641D9CF229003EE6F3 /* HomeListsView.m */; };
		3BD65D721D9CF91A003EE6F3 /* TableViewCell.m in Sources */ = {isa = PBXBuildFile; fileRef = 3BD65D711D9CF91A003EE6F3 /* TableViewCell.m */; };
		3BD65D751D9CFCDD003EE6F3 /* HomeListsTableViewHeaderView.m in Sources */ = {isa = PBXBuildFile; fileRef = 3BD65D741D9CFCDD003EE6F3 /* HomeListsTableViewHeaderView.m */; };
		3BD65D771D9CFD00003EE6F3 /* HomeListsTableViewHeaderView.xib in Resources */ = {isa = PBXBuildFile; fileRef = 3BD65D761D9CFD00003EE6F3 /* HomeListsTableViewHeaderView.xib */; };
		3BD65D791D9D0621003EE6F3 /* Search.storyboard in Resources */ = {isa = PBXBuildFile; fileRef = 3BD65D781D9D0621003EE6F3 /* Search.storyboard */; };
		3BD65D7D1D9D0715003EE6F3 /* DropdownView.m in Sources */ = {isa = PBXBuildFile; fileRef = 3BD65D7C1D9D0715003EE6F3 /* DropdownView.m */; };
		3BD65D7F1D9D0723003EE6F3 /* DropdownView.xib in Resources */ = {isa = PBXBuildFile; fileRef = 3BD65D7E1D9D0723003EE6F3 /* DropdownView.xib */; };
		3BD65D821D9D100C003EE6F3 /* DropdownViewModel.m in Sources */ = {isa = PBXBuildFile; fileRef = 3BD65D811D9D100C003EE6F3 /* DropdownViewModel.m */; };
		3BFA0D621DC88EBA00B8BA2A /* HistorySearchTableViewController.m in Sources */ = {isa = PBXBuildFile; fileRef = 3BFA0D611DC88EBA00B8BA2A /* HistorySearchTableViewController.m */; };
		3BFA0D681DC899E900B8BA2A /* UIView+SDExtension.m in Sources */ = {isa = PBXBuildFile; fileRef = 3BFA0D671DC899E900B8BA2A /* UIView+SDExtension.m */; };
		3BFA0D711DC8A10B00B8BA2A /* DirectSearchTableViewController.m in Sources */ = {isa = PBXBuildFile; fileRef = 3BFA0D701DC8A10B00B8BA2A /* DirectSearchTableViewController.m */; };
		3BFA0D741DC9944B00B8BA2A /* IPv6Tester.m in Sources */ = {isa = PBXBuildFile; fileRef = 3BFA0D731DC9944B00B8BA2A /* IPv6Tester.m */; };
		3BFA0D771DC9B5E700B8BA2A /* SexConfiguration.m in Sources */ = {isa = PBXBuildFile; fileRef = 3BFA0D761DC9B5E700B8BA2A /* SexConfiguration.m */; };
		3BFA0D781DC9B8C300B8BA2A /* libWeChatSDK.a in Frameworks */ = {isa = PBXBuildFile; fileRef = 3BA4B06C1DAB649C002986FB /* libWeChatSDK.a */; };
		3BFA0D7B1DC9BBD400B8BA2A /* SDPagingViewController.m in Sources */ = {isa = PBXBuildFile; fileRef = 3BFA0D7A1DC9BBD400B8BA2A /* SDPagingViewController.m */; };
		4B2E763CE67401B0130CCE6C /* libPods-Sex.a in Frameworks */ = {isa = PBXBuildFile; fileRef = 12A29D6FA6B8E5181050278D /* libPods-Sex.a */; };
/* End PBXBuildFile section */

/* Begin PBXFileReference section */
		12A29D6FA6B8E5181050278D /* libPods-Sex.a */ = {isa = PBXFileReference; explicitFileType = archive.ar; includeInIndex = 0; path = "libPods-Sex.a"; sourceTree = BUILT_PRODUCTS_DIR; };
		364329D8A149E03F33FF2214 /* Pods-Sex.release.xcconfig */ = {isa = PBXFileReference; includeInIndex = 1; lastKnownFileType = text.xcconfig; name = "Pods-Sex.release.xcconfig"; path = "Pods/Target Support Files/Pods-Sex/Pods-Sex.release.xcconfig"; sourceTree = "<group>"; };
		3B1F48511DCB15ED0059FF8C /* TestViewController.h */ = {isa = PBXFileReference; fileEncoding = 4; lastKnownFileType = sourcecode.c.h; path = TestViewController.h; sourceTree = "<group>"; };
		3B1F48521DCB15ED0059FF8C /* TestViewController.m */ = {isa = PBXFileReference; fileEncoding = 4; lastKnownFileType = sourcecode.c.objc; path = TestViewController.m; sourceTree = "<group>"; };
		3B1F48541DCB26D90059FF8C /* Test.storyboard */ = {isa = PBXFileReference; fileEncoding = 4; lastKnownFileType = file.storyboard; path = Test.storyboard; sourceTree = "<group>"; };
		3B20D6221DB151C10058D353 /* Scheme.h */ = {isa = PBXFileReference; fileEncoding = 4; lastKnownFileType = sourcecode.c.h; path = Scheme.h; sourceTree = "<group>"; };
		3B20D6231DB151C10058D353 /* Scheme.m */ = {isa = PBXFileReference; fileEncoding = 4; lastKnownFileType = sourcecode.c.objc; path = Scheme.m; sourceTree = "<group>"; };
		3B20D6251DB2184A0058D353 /* Assets.xcassets */ = {isa = PBXFileReference; lastKnownFileType = folder.assetcatalog; path = Assets.xcassets; sourceTree = "<group>"; };
		3B213E6E1DAA672C0044C61A /* SexProductItem.h */ = {isa = PBXFileReference; fileEncoding = 4; lastKnownFileType = sourcecode.c.h; path = SexProductItem.h; sourceTree = "<group>"; };
		3B213E6F1DAA672C0044C61A /* SexProductItem.m */ = {isa = PBXFileReference; fileEncoding = 4; lastKnownFileType = sourcecode.c.objc; path = SexProductItem.m; sourceTree = "<group>"; };
		3B2E1FD21DADDBE50088DF45 /* SexConst.h */ = {isa = PBXFileReference; lastKnownFileType = sourcecode.c.h; path = SexConst.h; sourceTree = "<group>"; };
		3B2E1FD31DADDCFE0088DF45 /* SexShareSerivce.h */ = {isa = PBXFileReference; fileEncoding = 4; lastKnownFileType = sourcecode.c.h; path = SexShareSerivce.h; sourceTree = "<group>"; };
		3B2E1FD41DADDCFE0088DF45 /* SexShareSerivce.m */ = {isa = PBXFileReference; fileEncoding = 4; lastKnownFileType = sourcecode.c.objc; path = SexShareSerivce.m; sourceTree = "<group>"; };
		3B3361D81DB4D47B00D48503 /* SSKeychain.h */ = {isa = PBXFileReference; fileEncoding = 4; lastKnownFileType = sourcecode.c.h; path = SSKeychain.h; sourceTree = "<group>"; };
		3B3361D91DB4D47B00D48503 /* SSKeychain.m */ = {isa = PBXFileReference; fileEncoding = 4; lastKnownFileType = sourcecode.c.objc; path = SSKeychain.m; sourceTree = "<group>"; };
		3B3361DB1DB4D48800D48503 /* Security.framework */ = {isa = PBXFileReference; lastKnownFileType = wrapper.framework; name = Security.framework; path = System/Library/Frameworks/Security.framework; sourceTree = SDKROOT; };
		3B3361DD1DB4D5E300D48503 /* UIScrollView+MaskView.h */ = {isa = PBXFileReference; fileEncoding = 4; lastKnownFileType = sourcecode.c.h; path = "UIScrollView+MaskView.h"; sourceTree = "<group>"; };
		3B3361DE1DB4D5E300D48503 /* UIScrollView+MaskView.m */ = {isa = PBXFileReference; fileEncoding = 4; lastKnownFileType = sourcecode.c.objc; path = "UIScrollView+MaskView.m"; sourceTree = "<group>"; };
		3B3361E01DB4DA2000D48503 /* Sex.entitlements */ = {isa = PBXFileReference; lastKnownFileType = text.plist.entitlements; path = Sex.entitlements; sourceTree = "<group>"; };
		3B39114C1DB224D100F82B4A /* SexUser.h */ = {isa = PBXFileReference; fileEncoding = 4; lastKnownFileType = sourcecode.c.h; path = SexUser.h; sourceTree = "<group>"; };
		3B39114D1DB224D100F82B4A /* SexUser.m */ = {isa = PBXFileReference; fileEncoding = 4; lastKnownFileType = sourcecode.c.objc; path = SexUser.m; sourceTree = "<group>"; };
		3B39114F1DB2261000F82B4A /* MeViewModel.h */ = {isa = PBXFileReference; fileEncoding = 4; lastKnownFileType = sourcecode.c.h; path = MeViewModel.h; sourceTree = "<group>"; };
		3B3911501DB2261000F82B4A /* MeViewModel.m */ = {isa = PBXFileReference; fileEncoding = 4; lastKnownFileType = sourcecode.c.objc; path = MeViewModel.m; sourceTree = "<group>"; };
		3B3911531DB328FC00F82B4A /* HYEdgeInsetsButton.h */ = {isa = PBXFileReference; fileEncoding = 4; lastKnownFileType = sourcecode.c.h; path = HYEdgeInsetsButton.h; sourceTree = "<group>"; };
		3B3911541DB328FC00F82B4A /* HYEdgeInsetsButton.m */ = {isa = PBXFileReference; fileEncoding = 4; lastKnownFileType = sourcecode.c.objc; path = HYEdgeInsetsButton.m; sourceTree = "<group>"; };
		3B3911571DB3326B00F82B4A /* MessageTableViewController.h */ = {isa = PBXFileReference; fileEncoding = 4; lastKnownFileType = sourcecode.c.h; path = MessageTableViewController.h; sourceTree = "<group>"; };
		3B3911581DB3326B00F82B4A /* MessageTableViewController.m */ = {isa = PBXFileReference; fileEncoding = 4; lastKnownFileType = sourcecode.c.objc; path = MessageTableViewController.m; sourceTree = "<group>"; };
		3B39115B1DB3337C00F82B4A /* ConsumerServiceViewController.h */ = {isa = PBXFileReference; fileEncoding = 4; lastKnownFileType = sourcecode.c.h; path = ConsumerServiceViewController.h; sourceTree = "<group>"; };
		3B39115C1DB3337C00F82B4A /* ConsumerServiceViewController.m */ = {isa = PBXFileReference; fileEncoding = 4; lastKnownFileType = sourcecode.c.objc; path = ConsumerServiceViewController.m; sourceTree = "<group>"; };
		3B3911601DB3393F00F82B4A /* DataBaseService.h */ = {isa = PBXFileReference; fileEncoding = 4; lastKnownFileType = sourcecode.c.h; path = DataBaseService.h; sourceTree = "<group>"; };
		3B3911611DB3393F00F82B4A /* DataBaseService.m */ = {isa = PBXFileReference; fileEncoding = 4; lastKnownFileType = sourcecode.c.objc; path = DataBaseService.m; sourceTree = "<group>"; };
		3B3911641DB3E9E200F82B4A /* UIScrollView+SexRefresh.h */ = {isa = PBXFileReference; fileEncoding = 4; lastKnownFileType = sourcecode.c.h; path = "UIScrollView+SexRefresh.h"; sourceTree = "<group>"; };
		3B3911651DB3E9E200F82B4A /* UIScrollView+SexRefresh.m */ = {isa = PBXFileReference; fileEncoding = 4; lastKnownFileType = sourcecode.c.objc; path = "UIScrollView+SexRefresh.m"; sourceTree = "<group>"; };
		3B57716C1D9CAB0300F2AB45 /* Login.storyboard */ = {isa = PBXFileReference; fileEncoding = 4; lastKnownFileType = file.storyboard; path = Login.storyboard; sourceTree = "<group>"; };
		3B57716E1D9CAB1700F2AB45 /* LoginViewController.h */ = {isa = PBXFileReference; fileEncoding = 4; lastKnownFileType = sourcecode.c.h; path = LoginViewController.h; sourceTree = "<group>"; };
		3B57716F1D9CAB1700F2AB45 /* LoginViewController.m */ = {isa = PBXFileReference; fileEncoding = 4; lastKnownFileType = sourcecode.c.objc; path = LoginViewController.m; sourceTree = "<group>"; };
		3B5771711D9CB89900F2AB45 /* FastLoginViewModel.h */ = {isa = PBXFileReference; fileEncoding = 4; lastKnownFileType = sourcecode.c.h; path = FastLoginViewModel.h; sourceTree = "<group>"; };
		3B5771721D9CB89900F2AB45 /* FastLoginViewModel.m */ = {isa = PBXFileReference; fileEncoding = 4; lastKnownFileType = sourcecode.c.objc; path = FastLoginViewModel.m; sourceTree = "<group>"; };
		3B5871251DD082C9004A34A8 /* LaunchGuideView.h */ = {isa = PBXFileReference; fileEncoding = 4; lastKnownFileType = sourcecode.c.h; path = LaunchGuideView.h; sourceTree = "<group>"; };
		3B5871261DD082C9004A34A8 /* LaunchGuideView.m */ = {isa = PBXFileReference; fileEncoding = 4; lastKnownFileType = sourcecode.c.objc; path = LaunchGuideView.m; sourceTree = "<group>"; };
		3B7E2ACB1DAA1AD3009FF851 /* HorizontailListView.h */ = {isa = PBXFileReference; fileEncoding = 4; lastKnownFileType = sourcecode.c.h; path = HorizontailListView.h; sourceTree = "<group>"; };
		3B7E2ACC1DAA1AD3009FF851 /* HorizontailListView.m */ = {isa = PBXFileReference; fileEncoding = 4; lastKnownFileType = sourcecode.c.objc; path = HorizontailListView.m; sourceTree = "<group>"; };
		3B7E2ACF1DAA1AE8009FF851 /* HorizontailListView.xib */ = {isa = PBXFileReference; fileEncoding = 4; lastKnownFileType = file.xib; path = HorizontailListView.xib; sourceTree = "<group>"; };
		3B7E2AD21DAA1FC2009FF851 /* SearchResultListView.h */ = {isa = PBXFileReference; fileEncoding = 4; lastKnownFileType = sourcecode.c.h; path = SearchResultListView.h; sourceTree = "<group>"; };
		3B7E2AD31DAA1FC2009FF851 /* SearchResultListView.m */ = {isa = PBXFileReference; fileEncoding = 4; lastKnownFileType = sourcecode.c.objc; path = SearchResultListView.m; sourceTree = "<group>"; };
		3B7E2AD51DAA2472009FF851 /* SearchResultListView.xib */ = {isa = PBXFileReference; fileEncoding = 4; lastKnownFileType = file.xib; path = SearchResultListView.xib; sourceTree = "<group>"; };
		3B7E2AD71DAA26E9009FF851 /* SearchResultListCollectionViewCell.h */ = {isa = PBXFileReference; fileEncoding = 4; lastKnownFileType = sourcecode.c.h; path = SearchResultListCollectionViewCell.h; sourceTree = "<group>"; };
		3B7E2AD81DAA26E9009FF851 /* SearchResultListCollectionViewCell.m */ = {isa = PBXFileReference; fileEncoding = 4; lastKnownFileType = sourcecode.c.objc; path = SearchResultListCollectionViewCell.m; sourceTree = "<group>"; };
		3B7E2AD91DAA26E9009FF851 /* SearchResultListCollectionViewCell.xib */ = {isa = PBXFileReference; fileEncoding = 4; lastKnownFileType = file.xib; path = SearchResultListCollectionViewCell.xib; sourceTree = "<group>"; };
		3B7E2ADC1DAA2745009FF851 /* ResultItemCollectionViewCell.h */ = {isa = PBXFileReference; fileEncoding = 4; lastKnownFileType = sourcecode.c.h; path = ResultItemCollectionViewCell.h; sourceTree = "<group>"; };
		3B7E2ADD1DAA2745009FF851 /* ResultItemCollectionViewCell.m */ = {isa = PBXFileReference; fileEncoding = 4; lastKnownFileType = sourcecode.c.objc; path = ResultItemCollectionViewCell.m; sourceTree = "<group>"; };
		3B7E2ADE1DAA2745009FF851 /* ResultItemCollectionViewCell.xib */ = {isa = PBXFileReference; fileEncoding = 4; lastKnownFileType = file.xib; path = ResultItemCollectionViewCell.xib; sourceTree = "<group>"; };
		3B7E2AE11DAA2A3D009FF851 /* SearchViewModel.h */ = {isa = PBXFileReference; fileEncoding = 4; lastKnownFileType = sourcecode.c.h; path = SearchViewModel.h; sourceTree = "<group>"; };
		3B7E2AE21DAA2A3D009FF851 /* SearchViewModel.m */ = {isa = PBXFileReference; fileEncoding = 4; lastKnownFileType = sourcecode.c.objc; path = SearchViewModel.m; sourceTree = "<group>"; };
		3B84ABB91DB07BAE00694B71 /* RequestServiceManager.h */ = {isa = PBXFileReference; fileEncoding = 4; lastKnownFileType = sourcecode.c.h; path = RequestServiceManager.h; sourceTree = "<group>"; };
		3B84ABBA1DB07BAE00694B71 /* RequestServiceManager.m */ = {isa = PBXFileReference; fileEncoding = 4; lastKnownFileType = sourcecode.c.objc; path = RequestServiceManager.m; sourceTree = "<group>"; };
		3B84ABBC1DB0865600694B71 /* PartsTransportProtocol.h */ = {isa = PBXFileReference; fileEncoding = 4; lastKnownFileType = sourcecode.c.h; path = PartsTransportProtocol.h; sourceTree = "<group>"; };
		3B84ABBE1DB0A67B00694B71 /* RecommendView.h */ = {isa = PBXFileReference; fileEncoding = 4; lastKnownFileType = sourcecode.c.h; path = RecommendView.h; sourceTree = "<group>"; };
		3B84ABBF1DB0A67B00694B71 /* RecommendView.m */ = {isa = PBXFileReference; fileEncoding = 4; lastKnownFileType = sourcecode.c.objc; path = RecommendView.m; sourceTree = "<group>"; };
		3B84ABC11DB0A6E000694B71 /* RecommendView.xib */ = {isa = PBXFileReference; fileEncoding = 4; lastKnownFileType = file.xib; path = RecommendView.xib; sourceTree = "<group>"; };
		3B84ABC31DB0A70500694B71 /* RecommendViewModel.h */ = {isa = PBXFileReference; fileEncoding = 4; lastKnownFileType = sourcecode.c.h; path = RecommendViewModel.h; sourceTree = "<group>"; };
		3B84ABC41DB0A70500694B71 /* RecommendViewModel.m */ = {isa = PBXFileReference; fileEncoding = 4; lastKnownFileType = sourcecode.c.objc; path = RecommendViewModel.m; sourceTree = "<group>"; };
		3B84ABCC1DB0ADFB00694B71 /* SexCollectionViewCell.h */ = {isa = PBXFileReference; fileEncoding = 4; lastKnownFileType = sourcecode.c.h; path = SexCollectionViewCell.h; sourceTree = "<group>"; };
		3B84ABCD1DB0ADFB00694B71 /* SexCollectionViewCell.m */ = {isa = PBXFileReference; fileEncoding = 4; lastKnownFileType = sourcecode.c.objc; path = SexCollectionViewCell.m; sourceTree = "<group>"; };
		3B84ABCE1DB0ADFB00694B71 /* SexCollectionViewCell.xib */ = {isa = PBXFileReference; fileEncoding = 4; lastKnownFileType = file.xib; path = SexCollectionViewCell.xib; sourceTree = "<group>"; };
		3B84ABD21DB0AF7300694B71 /* SexModel.h */ = {isa = PBXFileReference; fileEncoding = 4; lastKnownFileType = sourcecode.c.h; path = SexModel.h; sourceTree = "<group>"; };
		3B84ABD31DB0AF7300694B71 /* SexModel.m */ = {isa = PBXFileReference; fileEncoding = 4; lastKnownFileType = sourcecode.c.objc; path = SexModel.m; sourceTree = "<group>"; };
		3B9422271DAA4AA600998719 /* SearchOptionsView.h */ = {isa = PBXFileReference; fileEncoding = 4; lastKnownFileType = sourcecode.c.h; path = SearchOptionsView.h; sourceTree = "<group>"; };
		3B9422281DAA4AA600998719 /* SearchOptionsView.m */ = {isa = PBXFileReference; fileEncoding = 4; lastKnownFileType = sourcecode.c.objc; path = SearchOptionsView.m; sourceTree = "<group>"; };
		3B94222A1DAA4AB800998719 /* SearchOptionsView.xib */ = {isa = PBXFileReference; fileEncoding = 4; lastKnownFileType = file.xib; path = SearchOptionsView.xib; sourceTree = "<group>"; };
		3BA4B06C1DAB649C002986FB /* libWeChatSDK.a */ = {isa = PBXFileReference; lastKnownFileType = archive.ar; path = libWeChatSDK.a; sourceTree = "<group>"; };
		3BA4B06D1DAB649C002986FB /* WXApi.h */ = {isa = PBXFileReference; fileEncoding = 4; lastKnownFileType = sourcecode.c.h; path = WXApi.h; sourceTree = "<group>"; };
		3BA4B06E1DAB649C002986FB /* WXApiObject.h */ = {isa = PBXFileReference; fileEncoding = 4; lastKnownFileType = sourcecode.c.h; path = WXApiObject.h; sourceTree = "<group>"; };
		3BA4B0701DAB64D1002986FB /* SystemConfiguration.framework */ = {isa = PBXFileReference; lastKnownFileType = wrapper.framework; name = SystemConfiguration.framework; path = System/Library/Frameworks/SystemConfiguration.framework; sourceTree = SDKROOT; };
		3BA4B0721DAB6507002986FB /* CoreTelephony.framework */ = {isa = PBXFileReference; lastKnownFileType = wrapper.framework; name = CoreTelephony.framework; path = System/Library/Frameworks/CoreTelephony.framework; sourceTree = SDKROOT; };
		3BA4B0741DAB6513002986FB /* libsqlite3.0.tbd */ = {isa = PBXFileReference; lastKnownFileType = "sourcecode.text-based-dylib-definition"; name = libsqlite3.0.tbd; path = usr/lib/libsqlite3.0.tbd; sourceTree = SDKROOT; };
		3BA4B0761DAB6520002986FB /* libc++.tbd */ = {isa = PBXFileReference; lastKnownFileType = "sourcecode.text-based-dylib-definition"; name = "libc++.tbd"; path = "usr/lib/libc++.tbd"; sourceTree = SDKROOT; };
		3BA4B07B1DAB6A5F002986FB /* libz.tbd */ = {isa = PBXFileReference; lastKnownFileType = "sourcecode.text-based-dylib-definition"; name = libz.tbd; path = usr/lib/libz.tbd; sourceTree = SDKROOT; };
		3BA4B07D1DAB80D3002986FB /* ShoppingCartViewController.h */ = {isa = PBXFileReference; fileEncoding = 4; lastKnownFileType = sourcecode.c.h; path = ShoppingCartViewController.h; sourceTree = "<group>"; };
		3BA4B07E1DAB80D3002986FB /* ShoppingCartViewController.m */ = {isa = PBXFileReference; fileEncoding = 4; lastKnownFileType = sourcecode.c.objc; path = ShoppingCartViewController.m; sourceTree = "<group>"; };
		3BA4B0801DAB80E1002986FB /* ShoppingCart.storyboard */ = {isa = PBXFileReference; fileEncoding = 4; lastKnownFileType = file.storyboard; path = ShoppingCart.storyboard; sourceTree = "<group>"; };
		3BA4B0831DAB8CAE002986FB /* NumberCountView.h */ = {isa = PBXFileReference; fileEncoding = 4; lastKnownFileType = sourcecode.c.h; path = NumberCountView.h; sourceTree = "<group>"; };
		3BA4B0841DAB8CAE002986FB /* NumberCountView.m */ = {isa = PBXFileReference; fileEncoding = 4; lastKnownFileType = sourcecode.c.objc; path = NumberCountView.m; sourceTree = "<group>"; };
		3BA4B0861DAB8CBF002986FB /* NumberCountView.xib */ = {isa = PBXFileReference; fileEncoding = 4; lastKnownFileType = file.xib; path = NumberCountView.xib; sourceTree = "<group>"; };
		3BA4B0881DAB91DB002986FB /* ShoppingCartTableViewCell.h */ = {isa = PBXFileReference; fileEncoding = 4; lastKnownFileType = sourcecode.c.h; path = ShoppingCartTableViewCell.h; sourceTree = "<group>"; };
		3BA4B0891DAB91DB002986FB /* ShoppingCartTableViewCell.m */ = {isa = PBXFileReference; fileEncoding = 4; lastKnownFileType = sourcecode.c.objc; path = ShoppingCartTableViewCell.m; sourceTree = "<group>"; };
		3BA4B08E1DAB9769002986FB /* TotalCostView.h */ = {isa = PBXFileReference; fileEncoding = 4; lastKnownFileType = sourcecode.c.h; path = TotalCostView.h; sourceTree = "<group>"; };
		3BA4B08F1DAB9769002986FB /* TotalCostView.m */ = {isa = PBXFileReference; fileEncoding = 4; lastKnownFileType = sourcecode.c.objc; path = TotalCostView.m; sourceTree = "<group>"; };
		3BA4B0901DAB9769002986FB /* TotalCostView.xib */ = {isa = PBXFileReference; fileEncoding = 4; lastKnownFileType = file.xib; path = TotalCostView.xib; sourceTree = "<group>"; };
		3BA4B0931DAB99EF002986FB /* CostCountViewModel.h */ = {isa = PBXFileReference; fileEncoding = 4; lastKnownFileType = sourcecode.c.h; path = CostCountViewModel.h; sourceTree = "<group>"; };
		3BA4B0941DAB99EF002986FB /* CostCountViewModel.m */ = {isa = PBXFileReference; fileEncoding = 4; lastKnownFileType = sourcecode.c.objc; path = CostCountViewModel.m; sourceTree = "<group>"; };
		3BA4B0971DAB9AC8002986FB /* SingletonProtocol.h */ = {isa = PBXFileReference; lastKnownFileType = sourcecode.c.h; path = SingletonProtocol.h; sourceTree = "<group>"; };
		3BA4B0981DAB9FE2002986FB /* CartPorduct.h */ = {isa = PBXFileReference; fileEncoding = 4; lastKnownFileType = sourcecode.c.h; path = CartPorduct.h; sourceTree = "<group>"; };
		3BA4B0991DAB9FE2002986FB /* CartPorduct.m */ = {isa = PBXFileReference; fileEncoding = 4; lastKnownFileType = sourcecode.c.objc; path = CartPorduct.m; sourceTree = "<group>"; };
		3BD342201DAF732100602F76 /* ShoppingcartAttachmentTableViewCell.h */ = {isa = PBXFileReference; fileEncoding = 4; lastKnownFileType = sourcecode.c.h; path = ShoppingcartAttachmentTableViewCell.h; sourceTree = "<group>"; };
		3BD342211DAF732100602F76 /* ShoppingcartAttachmentTableViewCell.m */ = {isa = PBXFileReference; fileEncoding = 4; lastKnownFileType = sourcecode.c.objc; path = ShoppingcartAttachmentTableViewCell.m; sourceTree = "<group>"; };
		3BD342231DAF765C00602F76 /* ShoppingcartHeaderView.xib */ = {isa = PBXFileReference; fileEncoding = 4; lastKnownFileType = file.xib; path = ShoppingcartHeaderView.xib; sourceTree = "<group>"; };
		3BD342251DAF7BBB00602F76 /* BillViewController.h */ = {isa = PBXFileReference; fileEncoding = 4; lastKnownFileType = sourcecode.c.h; path = BillViewController.h; sourceTree = "<group>"; };
		3BD342261DAF7BBB00602F76 /* BillViewController.m */ = {isa = PBXFileReference; fileEncoding = 4; lastKnownFileType = sourcecode.c.objc; path = BillViewController.m; sourceTree = "<group>"; };
		3BD342281DAF7EF100602F76 /* BillViewModel.h */ = {isa = PBXFileReference; fileEncoding = 4; lastKnownFileType = sourcecode.c.h; path = BillViewModel.h; sourceTree = "<group>"; };
		3BD342291DAF7EF100602F76 /* BillViewModel.m */ = {isa = PBXFileReference; fileEncoding = 4; lastKnownFileType = sourcecode.c.objc; path = BillViewModel.m; sourceTree = "<group>"; };
		3BD3422C1DAF897C00602F76 /* Address.storyboard */ = {isa = PBXFileReference; fileEncoding = 4; lastKnownFileType = file.storyboard; path = Address.storyboard; sourceTree = "<group>"; };
		3BD3422E1DAF89A800602F76 /* AddressesViewController.h */ = {isa = PBXFileReference; fileEncoding = 4; lastKnownFileType = sourcecode.c.h; path = AddressesViewController.h; sourceTree = "<group>"; };
		3BD3422F1DAF89A800602F76 /* AddressesViewController.m */ = {isa = PBXFileReference; fileEncoding = 4; lastKnownFileType = sourcecode.c.objc; path = AddressesViewController.m; sourceTree = "<group>"; };
		3BD342311DAF89B200602F76 /* CreateAddressViewController.h */ = {isa = PBXFileReference; fileEncoding = 4; lastKnownFileType = sourcecode.c.h; path = CreateAddressViewController.h; sourceTree = "<group>"; };
		3BD342321DAF89B200602F76 /* CreateAddressViewController.m */ = {isa = PBXFileReference; fileEncoding = 4; lastKnownFileType = sourcecode.c.objc; path = CreateAddressViewController.m; sourceTree = "<group>"; };
		3BD342341DAF8DA900602F76 /* PayTableViewCell.h */ = {isa = PBXFileReference; fileEncoding = 4; lastKnownFileType = sourcecode.c.h; path = PayTableViewCell.h; sourceTree = "<group>"; };
		3BD342351DAF8DA900602F76 /* PayTableViewCell.m */ = {isa = PBXFileReference; fileEncoding = 4; lastKnownFileType = sourcecode.c.objc; path = PayTableViewCell.m; sourceTree = "<group>"; };
		3BD396C21D9BED1C00768B89 /* Sex.app */ = {isa = PBXFileReference; explicitFileType = wrapper.application; includeInIndex = 0; path = Sex.app; sourceTree = BUILT_PRODUCTS_DIR; };
		3BD396C61D9BED1C00768B89 /* main.m */ = {isa = PBXFileReference; lastKnownFileType = sourcecode.c.objc; path = main.m; sourceTree = "<group>"; };
		3BD396C81D9BED1C00768B89 /* AppDelegate.h */ = {isa = PBXFileReference; lastKnownFileType = sourcecode.c.h; path = AppDelegate.h; sourceTree = "<group>"; };
		3BD396C91D9BED1C00768B89 /* AppDelegate.m */ = {isa = PBXFileReference; lastKnownFileType = sourcecode.c.objc; path = AppDelegate.m; sourceTree = "<group>"; };
		3BD396CB1D9BED1C00768B89 /* ViewController.h */ = {isa = PBXFileReference; lastKnownFileType = sourcecode.c.h; path = ViewController.h; sourceTree = "<group>"; };
		3BD396CC1D9BED1C00768B89 /* ViewController.m */ = {isa = PBXFileReference; lastKnownFileType = sourcecode.c.objc; path = ViewController.m; sourceTree = "<group>"; };
		3BD396CF1D9BED1C00768B89 /* Base */ = {isa = PBXFileReference; lastKnownFileType = file.storyboard; name = Base; path = Base.lproj/Main.storyboard; sourceTree = "<group>"; };
		3BD396D41D9BED1C00768B89 /* Base */ = {isa = PBXFileReference; lastKnownFileType = file.storyboard; name = Base; path = Base.lproj/LaunchScreen.storyboard; sourceTree = "<group>"; };
		3BD396D61D9BED1C00768B89 /* Info.plist */ = {isa = PBXFileReference; lastKnownFileType = text.plist.xml; path = Info.plist; sourceTree = "<group>"; };
		3BD396E11D9BF01300768B89 /* TabbarController.h */ = {isa = PBXFileReference; fileEncoding = 4; lastKnownFileType = sourcecode.c.h; path = TabbarController.h; sourceTree = "<group>"; };
		3BD396E21D9BF01300768B89 /* TabbarController.m */ = {isa = PBXFileReference; fileEncoding = 4; lastKnownFileType = sourcecode.c.objc; path = TabbarController.m; sourceTree = "<group>"; };
		3BD396E41D9BF07A00768B89 /* ListsCollectionViewController.h */ = {isa = PBXFileReference; fileEncoding = 4; lastKnownFileType = sourcecode.c.h; path = ListsCollectionViewController.h; sourceTree = "<group>"; };
		3BD396E51D9BF07A00768B89 /* ListsCollectionViewController.m */ = {isa = PBXFileReference; fileEncoding = 4; lastKnownFileType = sourcecode.c.objc; path = ListsCollectionViewController.m; sourceTree = "<group>"; };
		3BD396E71D9BF09700768B89 /* HomeViewController.h */ = {isa = PBXFileReference; fileEncoding = 4; lastKnownFileType = sourcecode.c.h; path = HomeViewController.h; sourceTree = "<group>"; };
		3BD396E81D9BF09700768B89 /* HomeViewController.m */ = {isa = PBXFileReference; fileEncoding = 4; lastKnownFileType = sourcecode.c.objc; path = HomeViewController.m; sourceTree = "<group>"; };
		3BD396EA1D9BF0DB00768B89 /* Home.storyboard */ = {isa = PBXFileReference; fileEncoding = 4; lastKnownFileType = file.storyboard; path = Home.storyboard; sourceTree = "<group>"; };
		3BD396EC1D9BF0E500768B89 /* Lists.storyboard */ = {isa = PBXFileReference; fileEncoding = 4; lastKnownFileType = file.storyboard; path = Lists.storyboard; sourceTree = "<group>"; };
		3BD396EE1D9BF39400768B89 /* MeViewController.h */ = {isa = PBXFileReference; fileEncoding = 4; lastKnownFileType = sourcecode.c.h; path = MeViewController.h; sourceTree = "<group>"; };
		3BD396EF1D9BF39400768B89 /* MeViewController.m */ = {isa = PBXFileReference; fileEncoding = 4; lastKnownFileType = sourcecode.c.objc; path = MeViewController.m; sourceTree = "<group>"; };
		3BD396F11D9BF39F00768B89 /* Me.storyboard */ = {isa = PBXFileReference; fileEncoding = 4; lastKnownFileType = file.storyboard; path = Me.storyboard; sourceTree = "<group>"; };
		3BD396F51D9BF77900768B89 /* RequestService.h */ = {isa = PBXFileReference; fileEncoding = 4; lastKnownFileType = sourcecode.c.h; path = RequestService.h; sourceTree = "<group>"; };
		3BD396F61D9BF77900768B89 /* RequestService.m */ = {isa = PBXFileReference; fileEncoding = 4; lastKnownFileType = sourcecode.c.objc; path = RequestService.m; sourceTree = "<group>"; };
		3BD396F91D9BF9D500768B89 /* SexChannel.h */ = {isa = PBXFileReference; fileEncoding = 4; lastKnownFileType = sourcecode.c.h; path = SexChannel.h; sourceTree = "<group>"; };
		3BD396FA1D9BF9D500768B89 /* SexChannel.m */ = {isa = PBXFileReference; fileEncoding = 4; lastKnownFileType = sourcecode.c.objc; path = SexChannel.m; sourceTree = "<group>"; };
		3BD396FF1D9BFB6A00768B89 /* ListsViewModel.h */ = {isa = PBXFileReference; fileEncoding = 4; lastKnownFileType = sourcecode.c.h; path = ListsViewModel.h; sourceTree = "<group>"; };
		3BD397001D9BFB6A00768B89 /* ListsViewModel.m */ = {isa = PBXFileReference; fileEncoding = 4; lastKnownFileType = sourcecode.c.objc; path = ListsViewModel.m; sourceTree = "<group>"; };
		3BD397021D9C071200768B89 /* ListsCollectionViewCell.h */ = {isa = PBXFileReference; fileEncoding = 4; lastKnownFileType = sourcecode.c.h; path = ListsCollectionViewCell.h; sourceTree = "<group>"; };
		3BD397031D9C071200768B89 /* ListsCollectionViewCell.m */ = {isa = PBXFileReference; fileEncoding = 4; lastKnownFileType = sourcecode.c.objc; path = ListsCollectionViewCell.m; sourceTree = "<group>"; };
		3BD397051D9C109800768B89 /* ListsHeaderCollectionReusableView.h */ = {isa = PBXFileReference; fileEncoding = 4; lastKnownFileType = sourcecode.c.h; path = ListsHeaderCollectionReusableView.h; sourceTree = "<group>"; };
		3BD397061D9C109800768B89 /* ListsHeaderCollectionReusableView.m */ = {isa = PBXFileReference; fileEncoding = 4; lastKnownFileType = sourcecode.c.objc; path = ListsHeaderCollectionReusableView.m; sourceTree = "<group>"; };
		3BD397081D9C1FDB00768B89 /* HeaderCollectionViewCell.h */ = {isa = PBXFileReference; fileEncoding = 4; lastKnownFileType = sourcecode.c.h; path = HeaderCollectionViewCell.h; sourceTree = "<group>"; };
		3BD397091D9C1FDB00768B89 /* HeaderCollectionViewCell.m */ = {isa = PBXFileReference; fileEncoding = 4; lastKnownFileType = sourcecode.c.objc; path = HeaderCollectionViewCell.m; sourceTree = "<group>"; };
		3BD3970B1D9C222700768B89 /* SearchViewController.h */ = {isa = PBXFileReference; fileEncoding = 4; lastKnownFileType = sourcecode.c.h; path = SearchViewController.h; sourceTree = "<group>"; };
		3BD3970C1D9C222700768B89 /* SearchViewController.m */ = {isa = PBXFileReference; fileEncoding = 4; lastKnownFileType = sourcecode.c.objc; path = SearchViewController.m; sourceTree = "<group>"; };
		3BD65D4D1D9CEAB2003EE6F3 /* HomeListCollectionView.h */ = {isa = PBXFileReference; fileEncoding = 4; lastKnownFileType = sourcecode.c.h; path = HomeListCollectionView.h; sourceTree = "<group>"; };
		3BD65D4E1D9CEAB2003EE6F3 /* HomeListCollectionView.m */ = {isa = PBXFileReference; fileEncoding = 4; lastKnownFileType = sourcecode.c.objc; path = HomeListCollectionView.m; sourceTree = "<group>"; };
		3BD65D521D9CEB00003EE6F3 /* HomeListViewModel.h */ = {isa = PBXFileReference; fileEncoding = 4; lastKnownFileType = sourcecode.c.h; path = HomeListViewModel.h; sourceTree = "<group>"; };
		3BD65D531D9CEB00003EE6F3 /* HomeListViewModel.m */ = {isa = PBXFileReference; fileEncoding = 4; lastKnownFileType = sourcecode.c.objc; path = HomeListViewModel.m; sourceTree = "<group>"; };
		3BD65D581D9CECB7003EE6F3 /* HomeListsTableView.h */ = {isa = PBXFileReference; fileEncoding = 4; lastKnownFileType = sourcecode.c.h; path = HomeListsTableView.h; sourceTree = "<group>"; };
		3BD65D591D9CECB7003EE6F3 /* HomeListsTableView.m */ = {isa = PBXFileReference; fileEncoding = 4; lastKnownFileType = sourcecode.c.objc; path = HomeListsTableView.m; sourceTree = "<group>"; };
		3BD65D5B1D9CEE31003EE6F3 /* HomeListAriticleTableViewCell.h */ = {isa = PBXFileReference; fileEncoding = 4; lastKnownFileType = sourcecode.c.h; path = HomeListAriticleTableViewCell.h; sourceTree = "<group>"; };
		3BD65D5C1D9CEE31003EE6F3 /* HomeListAriticleTableViewCell.m */ = {isa = PBXFileReference; fileEncoding = 4; lastKnownFileType = sourcecode.c.objc; path = HomeListAriticleTableViewCell.m; sourceTree = "<group>"; };
		3BD65D5D1D9CEE31003EE6F3 /* HomeListAriticleTableViewCell.xib */ = {isa = PBXFileReference; fileEncoding = 4; lastKnownFileType = file.xib; path = HomeListAriticleTableViewCell.xib; sourceTree = "<group>"; };
		3BD65D601D9CEF22003EE6F3 /* littledog.jpg */ = {isa = PBXFileReference; lastKnownFileType = image.jpeg; path = littledog.jpg; sourceTree = "<group>"; };
		3BD65D631D9CF229003EE6F3 /* HomeListsView.h */ = {isa = PBXFileReference; fileEncoding = 4; lastKnownFileType = sourcecode.c.h; path = HomeListsView.h; sourceTree = "<group>"; };
		3BD65D641D9CF229003EE6F3 /* HomeListsView.m */ = {isa = PBXFileReference; fileEncoding = 4; lastKnownFileType = sourcecode.c.objc; path = HomeListsView.m; sourceTree = "<group>"; };
		3BD65D701D9CF91A003EE6F3 /* TableViewCell.h */ = {isa = PBXFileReference; fileEncoding = 4; lastKnownFileType = sourcecode.c.h; path = TableViewCell.h; sourceTree = "<group>"; };
		3BD65D711D9CF91A003EE6F3 /* TableViewCell.m */ = {isa = PBXFileReference; fileEncoding = 4; lastKnownFileType = sourcecode.c.objc; path = TableViewCell.m; sourceTree = "<group>"; };
		3BD65D731D9CFCDD003EE6F3 /* HomeListsTableViewHeaderView.h */ = {isa = PBXFileReference; fileEncoding = 4; lastKnownFileType = sourcecode.c.h; path = HomeListsTableViewHeaderView.h; sourceTree = "<group>"; };
		3BD65D741D9CFCDD003EE6F3 /* HomeListsTableViewHeaderView.m */ = {isa = PBXFileReference; fileEncoding = 4; lastKnownFileType = sourcecode.c.objc; path = HomeListsTableViewHeaderView.m; sourceTree = "<group>"; };
		3BD65D761D9CFD00003EE6F3 /* HomeListsTableViewHeaderView.xib */ = {isa = PBXFileReference; fileEncoding = 4; lastKnownFileType = file.xib; path = HomeListsTableViewHeaderView.xib; sourceTree = "<group>"; };
		3BD65D781D9D0621003EE6F3 /* Search.storyboard */ = {isa = PBXFileReference; fileEncoding = 4; lastKnownFileType = file.storyboard; path = Search.storyboard; sourceTree = "<group>"; };
		3BD65D7B1D9D0715003EE6F3 /* DropdownView.h */ = {isa = PBXFileReference; fileEncoding = 4; lastKnownFileType = sourcecode.c.h; path = DropdownView.h; sourceTree = "<group>"; };
		3BD65D7C1D9D0715003EE6F3 /* DropdownView.m */ = {isa = PBXFileReference; fileEncoding = 4; lastKnownFileType = sourcecode.c.objc; path = DropdownView.m; sourceTree = "<group>"; };
		3BD65D7E1D9D0723003EE6F3 /* DropdownView.xib */ = {isa = PBXFileReference; fileEncoding = 4; lastKnownFileType = file.xib; path = DropdownView.xib; sourceTree = "<group>"; };
		3BD65D801D9D100C003EE6F3 /* DropdownViewModel.h */ = {isa = PBXFileReference; fileEncoding = 4; lastKnownFileType = sourcecode.c.h; path = DropdownViewModel.h; sourceTree = "<group>"; };
		3BD65D811D9D100C003EE6F3 /* DropdownViewModel.m */ = {isa = PBXFileReference; fileEncoding = 4; lastKnownFileType = sourcecode.c.objc; path = DropdownViewModel.m; sourceTree = "<group>"; };
		3BFA0D601DC88EBA00B8BA2A /* HistorySearchTableViewController.h */ = {isa = PBXFileReference; fileEncoding = 4; lastKnownFileType = sourcecode.c.h; path = HistorySearchTableViewController.h; sourceTree = "<group>"; };
		3BFA0D611DC88EBA00B8BA2A /* HistorySearchTableViewController.m */ = {isa = PBXFileReference; fileEncoding = 4; lastKnownFileType = sourcecode.c.objc; path = HistorySearchTableViewController.m; sourceTree = "<group>"; };
		3BFA0D661DC899E900B8BA2A /* UIView+SDExtension.h */ = {isa = PBXFileReference; fileEncoding = 4; lastKnownFileType = sourcecode.c.h; path = "UIView+SDExtension.h"; sourceTree = "<group>"; };
		3BFA0D671DC899E900B8BA2A /* UIView+SDExtension.m */ = {isa = PBXFileReference; fileEncoding = 4; lastKnownFileType = sourcecode.c.objc; path = "UIView+SDExtension.m"; sourceTree = "<group>"; };
		3BFA0D6F1DC8A10B00B8BA2A /* DirectSearchTableViewController.h */ = {isa = PBXFileReference; fileEncoding = 4; lastKnownFileType = sourcecode.c.h; path = DirectSearchTableViewController.h; sourceTree = "<group>"; };
		3BFA0D701DC8A10B00B8BA2A /* DirectSearchTableViewController.m */ = {isa = PBXFileReference; fileEncoding = 4; lastKnownFileType = sourcecode.c.objc; path = DirectSearchTableViewController.m; sourceTree = "<group>"; };
		3BFA0D721DC9944B00B8BA2A /* IPv6Tester.h */ = {isa = PBXFileReference; fileEncoding = 4; lastKnownFileType = sourcecode.c.h; path = IPv6Tester.h; sourceTree = "<group>"; };
		3BFA0D731DC9944B00B8BA2A /* IPv6Tester.m */ = {isa = PBXFileReference; fileEncoding = 4; lastKnownFileType = sourcecode.c.objc; path = IPv6Tester.m; sourceTree = "<group>"; };
		3BFA0D751DC9B5E700B8BA2A /* SexConfiguration.h */ = {isa = PBXFileReference; fileEncoding = 4; lastKnownFileType = sourcecode.c.h; path = SexConfiguration.h; sourceTree = "<group>"; };
		3BFA0D761DC9B5E700B8BA2A /* SexConfiguration.m */ = {isa = PBXFileReference; fileEncoding = 4; lastKnownFileType = sourcecode.c.objc; path = SexConfiguration.m; sourceTree = "<group>"; };
		3BFA0D791DC9BBD400B8BA2A /* SDPagingViewController.h */ = {isa = PBXFileReference; fileEncoding = 4; lastKnownFileType = sourcecode.c.h; path = SDPagingViewController.h; sourceTree = "<group>"; };
		3BFA0D7A1DC9BBD400B8BA2A /* SDPagingViewController.m */ = {isa = PBXFileReference; fileEncoding = 4; lastKnownFileType = sourcecode.c.objc; path = SDPagingViewController.m; sourceTree = "<group>"; };
		8141261E58DFA1A79244107C /* Pods-Sex.debug.xcconfig */ = {isa = PBXFileReference; includeInIndex = 1; lastKnownFileType = text.xcconfig; name = "Pods-Sex.debug.xcconfig"; path = "Pods/Target Support Files/Pods-Sex/Pods-Sex.debug.xcconfig"; sourceTree = "<group>"; };
/* End PBXFileReference section */

/* Begin PBXFrameworksBuildPhase section */
		3BD396BF1D9BED1C00768B89 /* Frameworks */ = {
			isa = PBXFrameworksBuildPhase;
			buildActionMask = 2147483647;
			files = (
				3BFA0D781DC9B8C300B8BA2A /* libWeChatSDK.a in Frameworks */,
				3B3361DC1DB4D48800D48503 /* Security.framework in Frameworks */,
				3BA4B07C1DAB6A5F002986FB /* libz.tbd in Frameworks */,
				3BA4B0771DAB6520002986FB /* libc++.tbd in Frameworks */,
				3BA4B0751DAB6513002986FB /* libsqlite3.0.tbd in Frameworks */,
				3BA4B0731DAB6507002986FB /* CoreTelephony.framework in Frameworks */,
				3BA4B0711DAB64D1002986FB /* SystemConfiguration.framework in Frameworks */,
				4B2E763CE67401B0130CCE6C /* libPods-Sex.a in Frameworks */,
			);
			runOnlyForDeploymentPostprocessing = 0;
		};
/* End PBXFrameworksBuildPhase section */

/* Begin PBXGroup section */
		3B38AE8FA31A224309851F12 /* Frameworks */ = {
			isa = PBXGroup;
			children = (
				3B3361DB1DB4D48800D48503 /* Security.framework */,
				3BA4B07B1DAB6A5F002986FB /* libz.tbd */,
				3BA4B0761DAB6520002986FB /* libc++.tbd */,
				3BA4B0741DAB6513002986FB /* libsqlite3.0.tbd */,
				3BA4B0721DAB6507002986FB /* CoreTelephony.framework */,
				3BA4B0701DAB64D1002986FB /* SystemConfiguration.framework */,
				12A29D6FA6B8E5181050278D /* libPods-Sex.a */,
			);
			name = Frameworks;
			sourceTree = "<group>";
		};
		3B3911521DB328EC00F82B4A /* ThirdParty */ = {
			isa = PBXGroup;
			children = (
				3BFA0D6F1DC8A10B00B8BA2A /* DirectSearchTableViewController.h */,
				3BFA0D701DC8A10B00B8BA2A /* DirectSearchTableViewController.m */,
				3B3911531DB328FC00F82B4A /* HYEdgeInsetsButton.h */,
				3B3911541DB328FC00F82B4A /* HYEdgeInsetsButton.m */,
				3BFA0D721DC9944B00B8BA2A /* IPv6Tester.h */,
				3BFA0D731DC9944B00B8BA2A /* IPv6Tester.m */,
				3BFA0D751DC9B5E700B8BA2A /* SexConfiguration.h */,
				3BFA0D761DC9B5E700B8BA2A /* SexConfiguration.m */,
			);
			path = ThirdParty;
			sourceTree = "<group>";
		};
		3B3911561DB3325800F82B4A /* Messages */ = {
			isa = PBXGroup;
			children = (
				3B3911571DB3326B00F82B4A /* MessageTableViewController.h */,
				3B3911581DB3326B00F82B4A /* MessageTableViewController.m */,
			);
			path = Messages;
			sourceTree = "<group>";
		};
		3B39115A1DB3333700F82B4A /* Setting */ = {
			isa = PBXGroup;
			children = (
			);
			path = Setting;
			sourceTree = "<group>";
		};
		3B39115E1DB3338100F82B4A /* ConsumerService */ = {
			isa = PBXGroup;
			children = (
				3B39115B1DB3337C00F82B4A /* ConsumerServiceViewController.h */,
				3B39115C1DB3337C00F82B4A /* ConsumerServiceViewController.m */,
			);
			path = ConsumerService;
			sourceTree = "<group>";
		};
		3B39115F1DB3391D00F82B4A /* DataBaseService */ = {
			isa = PBXGroup;
			children = (
				3B3911601DB3393F00F82B4A /* DataBaseService.h */,
				3B3911611DB3393F00F82B4A /* DataBaseService.m */,
			);
			path = DataBaseService;
			sourceTree = "<group>";
		};
		3B3911631DB3E9B800F82B4A /* SexRefresh */ = {
			isa = PBXGroup;
			children = (
				3B3911641DB3E9E200F82B4A /* UIScrollView+SexRefresh.h */,
				3B3911651DB3E9E200F82B4A /* UIScrollView+SexRefresh.m */,
			);
			path = SexRefresh;
			sourceTree = "<group>";
		};
		3B57716B1D9CAAF600F2AB45 /* Login */ = {
			isa = PBXGroup;
			children = (
				3B5771711D9CB89900F2AB45 /* FastLoginViewModel.h */,
				3B5771721D9CB89900F2AB45 /* FastLoginViewModel.m */,
				3B57716C1D9CAB0300F2AB45 /* Login.storyboard */,
				3B57716E1D9CAB1700F2AB45 /* LoginViewController.h */,
				3B57716F1D9CAB1700F2AB45 /* LoginViewController.m */,
			);
			path = Login;
			sourceTree = "<group>";
		};
		3B5871241DD082AE004A34A8 /* GuideView */ = {
			isa = PBXGroup;
			children = (
				3B5871251DD082C9004A34A8 /* LaunchGuideView.h */,
				3B5871261DD082C9004A34A8 /* LaunchGuideView.m */,
			);
			name = GuideView;
			sourceTree = "<group>";
		};
		3B7E2AC91DAA1AA9009FF851 /* DropdownView */ = {
			isa = PBXGroup;
			children = (
				3BD65D7B1D9D0715003EE6F3 /* DropdownView.h */,
				3BD65D7C1D9D0715003EE6F3 /* DropdownView.m */,
				3BD65D7E1D9D0723003EE6F3 /* DropdownView.xib */,
				3BD65D801D9D100C003EE6F3 /* DropdownViewModel.h */,
				3BD65D811D9D100C003EE6F3 /* DropdownViewModel.m */,
			);
			path = DropdownView;
			sourceTree = "<group>";
		};
		3B7E2ACA1DAA1AB9009FF851 /* HorizontalList */ = {
			isa = PBXGroup;
			children = (
				3B7E2ACE1DAA1ADF009FF851 /* New Group */,
				3B7E2ACB1DAA1AD3009FF851 /* HorizontailListView.h */,
				3B7E2ACC1DAA1AD3009FF851 /* HorizontailListView.m */,
				3B7E2ACF1DAA1AE8009FF851 /* HorizontailListView.xib */,
			);
			path = HorizontalList;
			sourceTree = "<group>";
		};
		3B7E2ACE1DAA1ADF009FF851 /* New Group */ = {
			isa = PBXGroup;
			children = (
			);
			path = "New Group";
			sourceTree = "<group>";
		};
		3B7E2AD11DAA1FAB009FF851 /* Detail */ = {
			isa = PBXGroup;
			children = (
				3B7E2ADC1DAA2745009FF851 /* ResultItemCollectionViewCell.h */,
				3B7E2ADD1DAA2745009FF851 /* ResultItemCollectionViewCell.m */,
				3B7E2ADE1DAA2745009FF851 /* ResultItemCollectionViewCell.xib */,
				3B7E2AD71DAA26E9009FF851 /* SearchResultListCollectionViewCell.h */,
				3B7E2AD81DAA26E9009FF851 /* SearchResultListCollectionViewCell.m */,
				3B7E2AD91DAA26E9009FF851 /* SearchResultListCollectionViewCell.xib */,
				3B7E2AD21DAA1FC2009FF851 /* SearchResultListView.h */,
				3B7E2AD31DAA1FC2009FF851 /* SearchResultListView.m */,
				3B7E2AD51DAA2472009FF851 /* SearchResultListView.xib */,
				3B7E2AE11DAA2A3D009FF851 /* SearchViewModel.h */,
				3B7E2AE21DAA2A3D009FF851 /* SearchViewModel.m */,
			);
			path = Detail;
			sourceTree = "<group>";
		};
		3B84ABBD1DB0A66400694B71 /* RecommendView */ = {
			isa = PBXGroup;
			children = (
				3B84ABBE1DB0A67B00694B71 /* RecommendView.h */,
				3B84ABBF1DB0A67B00694B71 /* RecommendView.m */,
				3B84ABC11DB0A6E000694B71 /* RecommendView.xib */,
				3B84ABC31DB0A70500694B71 /* RecommendViewModel.h */,
				3B84ABC41DB0A70500694B71 /* RecommendViewModel.m */,
			);
			path = RecommendView;
			sourceTree = "<group>";
		};
		3B84ABCB1DB0ADD500694B71 /* ProductView */ = {
			isa = PBXGroup;
			children = (
				3B84ABCC1DB0ADFB00694B71 /* SexCollectionViewCell.h */,
				3B84ABCD1DB0ADFB00694B71 /* SexCollectionViewCell.m */,
				3B84ABCE1DB0ADFB00694B71 /* SexCollectionViewCell.xib */,
			);
			path = ProductView;
			sourceTree = "<group>";
		};
		3B84ABD11DB0AF2E00694B71 /* configure */ = {
			isa = PBXGroup;
			children = (
				3B20D6221DB151C10058D353 /* Scheme.h */,
				3B20D6231DB151C10058D353 /* Scheme.m */,
				3B84ABD21DB0AF7300694B71 /* SexModel.h */,
				3B84ABD31DB0AF7300694B71 /* SexModel.m */,
				3B39114C1DB224D100F82B4A /* SexUser.h */,
				3B39114D1DB224D100F82B4A /* SexUser.m */,
			);
			path = configure;
			sourceTree = "<group>";
		};
		3B9422261DAA4A9200998719 /* SearchOptions */ = {
			isa = PBXGroup;
			children = (
				3B9422271DAA4AA600998719 /* SearchOptionsView.h */,
				3B9422281DAA4AA600998719 /* SearchOptionsView.m */,
				3B94222A1DAA4AB800998719 /* SearchOptionsView.xib */,
			);
			path = SearchOptions;
			sourceTree = "<group>";
		};
		3BA4B06A1DAB6466002986FB /* Components */ = {
			isa = PBXGroup;
			children = (
				3B5871241DD082AE004A34A8 /* GuideView */,
				3BFA0D651DC899CD00B8BA2A /* Category */,
				3B39115F1DB3391D00F82B4A /* DataBaseService */,
				3BA4B0821DAB8C98002986FB /* NumerCount */,
				3B84ABCB1DB0ADD500694B71 /* ProductView */,
				3B84ABBD1DB0A66400694B71 /* RecommendView */,
				3B3911631DB3E9B800F82B4A /* SexRefresh */,
				3BA4B0961DAB9A8A002986FB /* Signalton */,
				3B3911521DB328EC00F82B4A /* ThirdParty */,
				3BA4B06B1DAB6477002986FB /* WeChat */,
				3B84ABD11DB0AF2E00694B71 /* configure */,
			);
			path = Components;
			sourceTree = "<group>";
		};
		3BA4B06B1DAB6477002986FB /* WeChat */ = {
			isa = PBXGroup;
			children = (
				3B2E1FD31DADDCFE0088DF45 /* SexShareSerivce.h */,
				3B2E1FD41DADDCFE0088DF45 /* SexShareSerivce.m */,
				3BA4B06D1DAB649C002986FB /* WXApi.h */,
				3BA4B06E1DAB649C002986FB /* WXApiObject.h */,
				3BA4B06C1DAB649C002986FB /* libWeChatSDK.a */,
			);
			path = WeChat;
			sourceTree = "<group>";
		};
		3BA4B0821DAB8C98002986FB /* NumerCount */ = {
			isa = PBXGroup;
			children = (
				3BA4B0831DAB8CAE002986FB /* NumberCountView.h */,
				3BA4B0841DAB8CAE002986FB /* NumberCountView.m */,
				3BA4B0861DAB8CBF002986FB /* NumberCountView.xib */,
				3BA4B08E1DAB9769002986FB /* TotalCostView.h */,
				3BA4B08F1DAB9769002986FB /* TotalCostView.m */,
				3BA4B0901DAB9769002986FB /* TotalCostView.xib */,
			);
			path = NumerCount;
			sourceTree = "<group>";
		};
		3BA4B0961DAB9A8A002986FB /* Signalton */ = {
			isa = PBXGroup;
			children = (
				3B84ABBC1DB0865600694B71 /* PartsTransportProtocol.h */,
				3B2E1FD21DADDBE50088DF45 /* SexConst.h */,
				3BA4B0971DAB9AC8002986FB /* SingletonProtocol.h */,
			);
			path = Signalton;
			sourceTree = "<group>";
		};
		3BD3422B1DAF896B00602F76 /* Address */ = {
			isa = PBXGroup;
			children = (
				3BD3422C1DAF897C00602F76 /* Address.storyboard */,
				3BD3422E1DAF89A800602F76 /* AddressesViewController.h */,
				3BD3422F1DAF89A800602F76 /* AddressesViewController.m */,
				3BD342311DAF89B200602F76 /* CreateAddressViewController.h */,
				3BD342321DAF89B200602F76 /* CreateAddressViewController.m */,
			);
			path = Address;
			sourceTree = "<group>";
		};
		3BD396B91D9BED1C00768B89 = {
			isa = PBXGroup;
			children = (
				3B38AE8FA31A224309851F12 /* Frameworks */,
				835C549DEABB8E508DC0AF02 /* Pods */,
				3BD396C31D9BED1C00768B89 /* Products */,
				3BD396C41D9BED1C00768B89 /* Sex */,
			);
			sourceTree = "<group>";
		};
		3BD396C31D9BED1C00768B89 /* Products */ = {
			isa = PBXGroup;
			children = (
				3BD396C21D9BED1C00768B89 /* Sex.app */,
			);
			name = Products;
			sourceTree = "<group>";
		};
		3BD396C41D9BED1C00768B89 /* Sex */ = {
			isa = PBXGroup;
			children = (
				3BD396F31D9BF75400768B89 /* Business */,
				3BA4B06A1DAB6466002986FB /* Components */,
				3BD396DC1D9BEF7500768B89 /* Pages */,
				3BD396C51D9BED1C00768B89 /* Supporting Files */,
				3BD396C81D9BED1C00768B89 /* AppDelegate.h */,
				3BD396C91D9BED1C00768B89 /* AppDelegate.m */,
				3BD396CE1D9BED1C00768B89 /* Main.storyboard */,
				3B3361D81DB4D47B00D48503 /* SSKeychain.h */,
				3B3361D91DB4D47B00D48503 /* SSKeychain.m */,
				3B3361E01DB4DA2000D48503 /* Sex.entitlements */,
				3B3361DD1DB4D5E300D48503 /* UIScrollView+MaskView.h */,
				3B3361DE1DB4D5E300D48503 /* UIScrollView+MaskView.m */,
				3BD396CB1D9BED1C00768B89 /* ViewController.h */,
				3BD396CC1D9BED1C00768B89 /* ViewController.m */,
			);
			path = Sex;
			sourceTree = "<group>";
		};
		3BD396C51D9BED1C00768B89 /* Supporting Files */ = {
			isa = PBXGroup;
			children = (
				3B20D6251DB2184A0058D353 /* Assets.xcassets */,
				3BD396D61D9BED1C00768B89 /* Info.plist */,
				3BD396D31D9BED1C00768B89 /* LaunchScreen.storyboard */,
				3BD65D601D9CEF22003EE6F3 /* littledog.jpg */,
				3BD396C61D9BED1C00768B89 /* main.m */,
			);
			path = "Supporting Files";
			sourceTree = "<group>";
		};
		3BD396DC1D9BEF7500768B89 /* Pages */ = {
			isa = PBXGroup;
			children = (
				3BD3422B1DAF896B00602F76 /* Address */,
				3BD396DD1D9BEF7C00768B89 /* Home */,
				3BD396DE1D9BEF8500768B89 /* Lists */,
				3BD396E01D9BEFB900768B89 /* Me */,
				3BD396DF1D9BEF8F00768B89 /* ShoppingCart */,
			);
			path = Pages;
			sourceTree = "<group>";
		};
		3BD396DD1D9BEF7C00768B89 /* Home */ = {
			isa = PBXGroup;
			children = (
				3BD396EA1D9BF0DB00768B89 /* Home.storyboard */,
				3BD396E71D9BF09700768B89 /* HomeViewController.h */,
				3BD396E81D9BF09700768B89 /* HomeViewController.m */,
				3BD396E11D9BF01300768B89 /* TabbarController.h */,
				3BD396E21D9BF01300768B89 /* TabbarController.m */,
			);
			path = Home;
			sourceTree = "<group>";
		};
		3BD396DE1D9BEF8500768B89 /* Lists */ = {
			isa = PBXGroup;
			children = (
				3BD397081D9C1FDB00768B89 /* HeaderCollectionViewCell.h */,
				3BD397091D9C1FDB00768B89 /* HeaderCollectionViewCell.m */,
				3BFA0D601DC88EBA00B8BA2A /* HistorySearchTableViewController.h */,
				3BFA0D611DC88EBA00B8BA2A /* HistorySearchTableViewController.m */,
				3BD396EC1D9BF0E500768B89 /* Lists.storyboard */,
				3BD397021D9C071200768B89 /* ListsCollectionViewCell.h */,
				3BD397031D9C071200768B89 /* ListsCollectionViewCell.m */,
				3BD396E41D9BF07A00768B89 /* ListsCollectionViewController.h */,
				3BD396E51D9BF07A00768B89 /* ListsCollectionViewController.m */,
				3BD397051D9C109800768B89 /* ListsHeaderCollectionReusableView.h */,
				3BD397061D9C109800768B89 /* ListsHeaderCollectionReusableView.m */,
				3BD396FF1D9BFB6A00768B89 /* ListsViewModel.h */,
				3BD397001D9BFB6A00768B89 /* ListsViewModel.m */,
			);
			path = Lists;
			sourceTree = "<group>";
		};
		3BD396DF1D9BEF8F00768B89 /* ShoppingCart */ = {
			isa = PBXGroup;
			children = (
				3BD342251DAF7BBB00602F76 /* BillViewController.h */,
				3BD342261DAF7BBB00602F76 /* BillViewController.m */,
				3BD342281DAF7EF100602F76 /* BillViewModel.h */,
				3BD342291DAF7EF100602F76 /* BillViewModel.m */,
				3BA4B0981DAB9FE2002986FB /* CartPorduct.h */,
				3BA4B0991DAB9FE2002986FB /* CartPorduct.m */,
				3BA4B0931DAB99EF002986FB /* CostCountViewModel.h */,
				3BA4B0941DAB99EF002986FB /* CostCountViewModel.m */,
				3BD342341DAF8DA900602F76 /* PayTableViewCell.h */,
				3BD342351DAF8DA900602F76 /* PayTableViewCell.m */,
				3BA4B0801DAB80E1002986FB /* ShoppingCart.storyboard */,
				3BA4B0881DAB91DB002986FB /* ShoppingCartTableViewCell.h */,
				3BA4B0891DAB91DB002986FB /* ShoppingCartTableViewCell.m */,
				3BA4B07D1DAB80D3002986FB /* ShoppingCartViewController.h */,
				3BA4B07E1DAB80D3002986FB /* ShoppingCartViewController.m */,
				3BD342201DAF732100602F76 /* ShoppingcartAttachmentTableViewCell.h */,
				3BD342211DAF732100602F76 /* ShoppingcartAttachmentTableViewCell.m */,
				3BD342231DAF765C00602F76 /* ShoppingcartHeaderView.xib */,
			);
			path = ShoppingCart;
			sourceTree = "<group>";
		};
		3BD396E01D9BEFB900768B89 /* Me */ = {
			isa = PBXGroup;
			children = (
				3B39115E1DB3338100F82B4A /* ConsumerService */,
				3B3911561DB3325800F82B4A /* Messages */,
				3B39115A1DB3333700F82B4A /* Setting */,
				3BD396F11D9BF39F00768B89 /* Me.storyboard */,
				3BD396EE1D9BF39400768B89 /* MeViewController.h */,
				3BD396EF1D9BF39400768B89 /* MeViewController.m */,
				3B39114F1DB2261000F82B4A /* MeViewModel.h */,
				3B3911501DB2261000F82B4A /* MeViewModel.m */,
			);
			path = Me;
			sourceTree = "<group>";
		};
		3BD396F31D9BF75400768B89 /* Business */ = {
			isa = PBXGroup;
			children = (
				3BD65D4C1D9CEA21003EE6F3 /* CollectionView */,
				3B57716B1D9CAAF600F2AB45 /* Login */,
				3BD396F81D9BF9C400768B89 /* Model */,
				3BD65D7A1D9D06C0003EE6F3 /* Search */,
				3BD396F41D9BF76100768B89 /* Service */,
			);
			path = Business;
			sourceTree = "<group>";
		};
		3BD396F41D9BF76100768B89 /* Service */ = {
			isa = PBXGroup;
			children = (
				3BD396F51D9BF77900768B89 /* RequestService.h */,
				3BD396F61D9BF77900768B89 /* RequestService.m */,
				3B84ABB91DB07BAE00694B71 /* RequestServiceManager.h */,
				3B84ABBA1DB07BAE00694B71 /* RequestServiceManager.m */,
			);
			path = Service;
			sourceTree = "<group>";
		};
		3BD396F81D9BF9C400768B89 /* Model */ = {
			isa = PBXGroup;
			children = (
				3BD396F91D9BF9D500768B89 /* SexChannel.h */,
				3BD396FA1D9BF9D500768B89 /* SexChannel.m */,
				3B213E6E1DAA672C0044C61A /* SexProductItem.h */,
				3B213E6F1DAA672C0044C61A /* SexProductItem.m */,
			);
			path = Model;
			sourceTree = "<group>";
		};
		3BD65D4C1D9CEA21003EE6F3 /* CollectionView */ = {
			isa = PBXGroup;
			children = (
				3BD65D5B1D9CEE31003EE6F3 /* HomeListAriticleTableViewCell.h */,
				3BD65D5C1D9CEE31003EE6F3 /* HomeListAriticleTableViewCell.m */,
				3BD65D5D1D9CEE31003EE6F3 /* HomeListAriticleTableViewCell.xib */,
				3BD65D4D1D9CEAB2003EE6F3 /* HomeListCollectionView.h */,
				3BD65D4E1D9CEAB2003EE6F3 /* HomeListCollectionView.m */,
				3BD65D521D9CEB00003EE6F3 /* HomeListViewModel.h */,
				3BD65D531D9CEB00003EE6F3 /* HomeListViewModel.m */,
				3BD65D581D9CECB7003EE6F3 /* HomeListsTableView.h */,
				3BD65D591D9CECB7003EE6F3 /* HomeListsTableView.m */,
				3BD65D731D9CFCDD003EE6F3 /* HomeListsTableViewHeaderView.h */,
				3BD65D741D9CFCDD003EE6F3 /* HomeListsTableViewHeaderView.m */,
				3BD65D761D9CFD00003EE6F3 /* HomeListsTableViewHeaderView.xib */,
				3BD65D631D9CF229003EE6F3 /* HomeListsView.h */,
				3BD65D641D9CF229003EE6F3 /* HomeListsView.m */,
				3BD65D701D9CF91A003EE6F3 /* TableViewCell.h */,
				3BD65D711D9CF91A003EE6F3 /* TableViewCell.m */,
			);
			path = CollectionView;
			sourceTree = "<group>";
		};
		3BD65D7A1D9D06C0003EE6F3 /* Search */ = {
			isa = PBXGroup;
			children = (
				3B7E2AD11DAA1FAB009FF851 /* Detail */,
				3B7E2AC91DAA1AA9009FF851 /* DropdownView */,
				3B7E2ACA1DAA1AB9009FF851 /* HorizontalList */,
				3B9422261DAA4A9200998719 /* SearchOptions */,
				3BD65D781D9D0621003EE6F3 /* Search.storyboard */,
				3BD3970B1D9C222700768B89 /* SearchViewController.h */,
				3BD3970C1D9C222700768B89 /* SearchViewController.m */,
			);
			path = Search;
			sourceTree = "<group>";
		};
		3BFA0D651DC899CD00B8BA2A /* Category */ = {
			isa = PBXGroup;
			children = (
				3BFA0D661DC899E900B8BA2A /* UIView+SDExtension.h */,
				3BFA0D671DC899E900B8BA2A /* UIView+SDExtension.m */,
				3BFA0D791DC9BBD400B8BA2A /* SDPagingViewController.h */,
				3BFA0D7A1DC9BBD400B8BA2A /* SDPagingViewController.m */,
				3B1F48511DCB15ED0059FF8C /* TestViewController.h */,
				3B1F48521DCB15ED0059FF8C /* TestViewController.m */,
				3B1F48541DCB26D90059FF8C /* Test.storyboard */,
			);
			path = Category;
			sourceTree = "<group>";
		};
		835C549DEABB8E508DC0AF02 /* Pods */ = {
			isa = PBXGroup;
			children = (
				8141261E58DFA1A79244107C /* Pods-Sex.debug.xcconfig */,
				364329D8A149E03F33FF2214 /* Pods-Sex.release.xcconfig */,
			);
			name = Pods;
			sourceTree = "<group>";
		};
/* End PBXGroup section */

/* Begin PBXNativeTarget section */
		3BD396C11D9BED1C00768B89 /* Sex */ = {
			isa = PBXNativeTarget;
			buildConfigurationList = 3BD396D91D9BED1C00768B89 /* Build configuration list for PBXNativeTarget "Sex" */;
			buildPhases = (
				F09760AA8AFB1943F61DB5C0 /* [CP] Check Pods Manifest.lock */,
				3BD396BE1D9BED1C00768B89 /* Sources */,
				3BD396BF1D9BED1C00768B89 /* Frameworks */,
				3BD396C01D9BED1C00768B89 /* Resources */,
				2F4B749AF4B366D95664DA96 /* [CP] Embed Pods Frameworks */,
				0FF7A7465C6E5BE73C015B33 /* [CP] Copy Pods Resources */,
			);
			buildRules = (
			);
			dependencies = (
			);
			name = Sex;
			productName = Sex;
			productReference = 3BD396C21D9BED1C00768B89 /* Sex.app */;
			productType = "com.apple.product-type.application";
		};
/* End PBXNativeTarget section */

/* Begin PBXProject section */
		3BD396BA1D9BED1C00768B89 /* Project object */ = {
			isa = PBXProject;
			attributes = {
				LastUpgradeCheck = 0800;
				ORGANIZATIONNAME = Shendong;
				TargetAttributes = {
					3BD396C11D9BED1C00768B89 = {
						CreatedOnToolsVersion = 8.0;
						DevelopmentTeam = S8238R3HUC;
						ProvisioningStyle = Automatic;
						SystemCapabilities = {
							com.apple.Keychain = {
								enabled = 1;
							};
						};
					};
				};
			};
			buildConfigurationList = 3BD396BD1D9BED1C00768B89 /* Build configuration list for PBXProject "Sex" */;
			compatibilityVersion = "Xcode 3.2";
			developmentRegion = English;
			hasScannedForEncodings = 0;
			knownRegions = (
				en,
				Base,
			);
			mainGroup = 3BD396B91D9BED1C00768B89;
			productRefGroup = 3BD396C31D9BED1C00768B89 /* Products */;
			projectDirPath = "";
			projectRoot = "";
			targets = (
				3BD396C11D9BED1C00768B89 /* Sex */,
			);
		};
/* End PBXProject section */

/* Begin PBXResourcesBuildPhase section */
		3BD396C01D9BED1C00768B89 /* Resources */ = {
			isa = PBXResourcesBuildPhase;
			buildActionMask = 2147483647;
			files = (
				3BD342241DAF765C00602F76 /* ShoppingcartHeaderView.xib in Resources */,
				3BD396D51D9BED1C00768B89 /* LaunchScreen.storyboard in Resources */,
				3B7E2AD61DAA2472009FF851 /* SearchResultListView.xib in Resources */,
				3B7E2AD01DAA1AE8009FF851 /* HorizontailListView.xib in Resources */,
				3B94222B1DAA4AB800998719 /* SearchOptionsView.xib in Resources */,
				3BA4B0811DAB80E1002986FB /* ShoppingCart.storyboard in Resources */,
				3BD396ED1D9BF0E500768B89 /* Lists.storyboard in Resources */,
				3BD396F21D9BF39F00768B89 /* Me.storyboard in Resources */,
				3B84ABC21DB0A6E000694B71 /* RecommendView.xib in Resources */,
				3B1F48551DCB26D90059FF8C /* Test.storyboard in Resources */,
				3BD65D771D9CFD00003EE6F3 /* HomeListsTableViewHeaderView.xib in Resources */,
				3B20D6261DB2184A0058D353 /* Assets.xcassets in Resources */,
				3BD65D7F1D9D0723003EE6F3 /* DropdownView.xib in Resources */,
				3BA4B0871DAB8CBF002986FB /* NumberCountView.xib in Resources */,
				3BD65D611D9CEF22003EE6F3 /* littledog.jpg in Resources */,
				3B7E2ADB1DAA26E9009FF851 /* SearchResultListCollectionViewCell.xib in Resources */,
				3BD396D01D9BED1C00768B89 /* Main.storyboard in Resources */,
				3BD3422D1DAF897C00602F76 /* Address.storyboard in Resources */,
				3BA4B0921DAB9769002986FB /* TotalCostView.xib in Resources */,
				3BD65D791D9D0621003EE6F3 /* Search.storyboard in Resources */,
				3B7E2AE01DAA2745009FF851 /* ResultItemCollectionViewCell.xib in Resources */,
				3B84ABD01DB0ADFB00694B71 /* SexCollectionViewCell.xib in Resources */,
				3BD65D5F1D9CEE31003EE6F3 /* HomeListAriticleTableViewCell.xib in Resources */,
				3B57716D1D9CAB0300F2AB45 /* Login.storyboard in Resources */,
				3BD396EB1D9BF0DB00768B89 /* Home.storyboard in Resources */,
			);
			runOnlyForDeploymentPostprocessing = 0;
		};
/* End PBXResourcesBuildPhase section */

/* Begin PBXShellScriptBuildPhase section */
		0FF7A7465C6E5BE73C015B33 /* [CP] Copy Pods Resources */ = {
			isa = PBXShellScriptBuildPhase;
			buildActionMask = 2147483647;
			files = (
			);
			inputPaths = (
			);
			name = "[CP] Copy Pods Resources";
			outputPaths = (
			);
			runOnlyForDeploymentPostprocessing = 0;
			shellPath = /bin/sh;
			shellScript = "\"${SRCROOT}/Pods/Target Support Files/Pods-Sex/Pods-Sex-resources.sh\"\n";
			showEnvVarsInLog = 0;
		};
		2F4B749AF4B366D95664DA96 /* [CP] Embed Pods Frameworks */ = {
			isa = PBXShellScriptBuildPhase;
			buildActionMask = 2147483647;
			files = (
			);
			inputPaths = (
			);
			name = "[CP] Embed Pods Frameworks";
			outputPaths = (
			);
			runOnlyForDeploymentPostprocessing = 0;
			shellPath = /bin/sh;
			shellScript = "\"${SRCROOT}/Pods/Target Support Files/Pods-Sex/Pods-Sex-frameworks.sh\"\n";
			showEnvVarsInLog = 0;
		};
		F09760AA8AFB1943F61DB5C0 /* [CP] Check Pods Manifest.lock */ = {
			isa = PBXShellScriptBuildPhase;
			buildActionMask = 2147483647;
			files = (
			);
			inputPaths = (
			);
			name = "[CP] Check Pods Manifest.lock";
			outputPaths = (
			);
			runOnlyForDeploymentPostprocessing = 0;
			shellPath = /bin/sh;
			shellScript = "diff \"${PODS_ROOT}/../Podfile.lock\" \"${PODS_ROOT}/Manifest.lock\" > /dev/null\nif [ $? != 0 ] ; then\n    # print error to STDERR\n    echo \"error: The sandbox is not in sync with the Podfile.lock. Run 'pod install' or update your CocoaPods installation.\" >&2\n    exit 1\nfi\n";
			showEnvVarsInLog = 0;
		};
/* End PBXShellScriptBuildPhase section */

/* Begin PBXSourcesBuildPhase section */
		3BD396BE1D9BED1C00768B89 /* Sources */ = {
			isa = PBXSourcesBuildPhase;
			buildActionMask = 2147483647;
			files = (
				3B5871271DD082C9004A34A8 /* LaunchGuideView.m in Sources */,
				3BD397071D9C109800768B89 /* ListsHeaderCollectionReusableView.m in Sources */,
				3BD65D4F1D9CEAB2003EE6F3 /* HomeListCollectionView.m in Sources */,
				3B84ABD41DB0AF7300694B71 /* SexModel.m in Sources */,
				3BD396FB1D9BF9D500768B89 /* SexChannel.m in Sources */,
				3BD65D821D9D100C003EE6F3 /* DropdownViewModel.m in Sources */,
				3BD65D721D9CF91A003EE6F3 /* TableViewCell.m in Sources */,
				3B9422291DAA4AA600998719 /* SearchOptionsView.m in Sources */,
				3BFA0D621DC88EBA00B8BA2A /* HistorySearchTableViewController.m in Sources */,
				3BD342361DAF8DA900602F76 /* PayTableViewCell.m in Sources */,
				3B5771731D9CB89900F2AB45 /* FastLoginViewModel.m in Sources */,
				3BD397041D9C071200768B89 /* ListsCollectionViewCell.m in Sources */,
				3B3911661DB3E9E200F82B4A /* UIScrollView+SexRefresh.m in Sources */,
				3BA4B07F1DAB80D3002986FB /* ShoppingCartViewController.m in Sources */,
				3BFA0D7B1DC9BBD400B8BA2A /* SDPagingViewController.m in Sources */,
				3BD342331DAF89B200602F76 /* CreateAddressViewController.m in Sources */,
				3B7E2AD41DAA1FC2009FF851 /* SearchResultListView.m in Sources */,
				3BD396CD1D9BED1C00768B89 /* ViewController.m in Sources */,
				3B3911511DB2261000F82B4A /* MeViewModel.m in Sources */,
				3B3361DA1DB4D47B00D48503 /* SSKeychain.m in Sources */,
				3BD396E31D9BF01300768B89 /* TabbarController.m in Sources */,
				3B3361DF1DB4D5E300D48503 /* UIScrollView+MaskView.m in Sources */,
				3BD396F01D9BF39400768B89 /* MeViewController.m in Sources */,
				3B3911591DB3326B00F82B4A /* MessageTableViewController.m in Sources */,
				3B7E2ADA1DAA26E9009FF851 /* SearchResultListCollectionViewCell.m in Sources */,
				3B3911551DB328FC00F82B4A /* HYEdgeInsetsButton.m in Sources */,
				3B2E1FD51DADDCFE0088DF45 /* SexShareSerivce.m in Sources */,
				3B20D6241DB151C10058D353 /* Scheme.m in Sources */,
				3B84ABBB1DB07BAE00694B71 /* RequestServiceManager.m in Sources */,
				3BD65D7D1D9D0715003EE6F3 /* DropdownView.m in Sources */,
				3BD3970D1D9C222700768B89 /* SearchViewController.m in Sources */,
				3BD65D651D9CF229003EE6F3 /* HomeListsView.m in Sources */,
				3B84ABC51DB0A70500694B71 /* RecommendViewModel.m in Sources */,
				3BD342221DAF732100602F76 /* ShoppingcartAttachmentTableViewCell.m in Sources */,
				3B7E2ADF1DAA2745009FF851 /* ResultItemCollectionViewCell.m in Sources */,
				3B7E2AE31DAA2A3D009FF851 /* SearchViewModel.m in Sources */,
				3BA4B09A1DAB9FE2002986FB /* CartPorduct.m in Sources */,
				3BFA0D741DC9944B00B8BA2A /* IPv6Tester.m in Sources */,
				3BD3970A1D9C1FDB00768B89 /* HeaderCollectionViewCell.m in Sources */,
				3BD396E61D9BF07A00768B89 /* ListsCollectionViewController.m in Sources */,
				3BA4B0911DAB9769002986FB /* TotalCostView.m in Sources */,
				3BD342271DAF7BBB00602F76 /* BillViewController.m in Sources */,
				3BD397011D9BFB6A00768B89 /* ListsViewModel.m in Sources */,
				3BD396CA1D9BED1C00768B89 /* AppDelegate.m in Sources */,
				3BA4B08A1DAB91DB002986FB /* ShoppingCartTableViewCell.m in Sources */,
				3BD65D5A1D9CECB7003EE6F3 /* HomeListsTableView.m in Sources */,
				3BD65D751D9CFCDD003EE6F3 /* HomeListsTableViewHeaderView.m in Sources */,
				3B213E701DAA672C0044C61A /* SexProductItem.m in Sources */,
				3BFA0D771DC9B5E700B8BA2A /* SexConfiguration.m in Sources */,
				3BD396F71D9BF77900768B89 /* RequestService.m in Sources */,
				3B39114E1DB224D100F82B4A /* SexUser.m in Sources */,
				3BD65D5E1D9CEE31003EE6F3 /* HomeListAriticleTableViewCell.m in Sources */,
				3BA4B0951DAB99EF002986FB /* CostCountViewModel.m in Sources */,
				3BD396C71D9BED1C00768B89 /* main.m in Sources */,
				3BD342301DAF89A800602F76 /* AddressesViewController.m in Sources */,
				3B39115D1DB3337C00F82B4A /* ConsumerServiceViewController.m in Sources */,
				3B84ABC01DB0A67B00694B71 /* RecommendView.m in Sources */,
				3BD65D541D9CEB00003EE6F3 /* HomeListViewModel.m in Sources */,
				3BD396E91D9BF09700768B89 /* HomeViewController.m in Sources */,
				3B3911621DB3393F00F82B4A /* DataBaseService.m in Sources */,
				3B1F48531DCB15ED0059FF8C /* TestViewController.m in Sources */,
				3B7E2ACD1DAA1AD3009FF851 /* HorizontailListView.m in Sources */,
				3B5771701D9CAB1700F2AB45 /* LoginViewController.m in Sources */,
				3BD3422A1DAF7EF100602F76 /* BillViewModel.m in Sources */,
				3BFA0D711DC8A10B00B8BA2A /* DirectSearchTableViewController.m in Sources */,
				3BA4B0851DAB8CAE002986FB /* NumberCountView.m in Sources */,
				3B84ABCF1DB0ADFB00694B71 /* SexCollectionViewCell.m in Sources */,
				3BFA0D681DC899E900B8BA2A /* UIView+SDExtension.m in Sources */,
			);
			runOnlyForDeploymentPostprocessing = 0;
		};
/* End PBXSourcesBuildPhase section */

/* Begin PBXVariantGroup section */
		3BD396CE1D9BED1C00768B89 /* Main.storyboard */ = {
			isa = PBXVariantGroup;
			children = (
				3BD396CF1D9BED1C00768B89 /* Base */,
			);
			name = Main.storyboard;
			path = .;
			sourceTree = "<group>";
		};
		3BD396D31D9BED1C00768B89 /* LaunchScreen.storyboard */ = {
			isa = PBXVariantGroup;
			children = (
				3BD396D41D9BED1C00768B89 /* Base */,
			);
			name = LaunchScreen.storyboard;
			path = .;
			sourceTree = "<group>";
		};
/* End PBXVariantGroup section */

/* Begin XCBuildConfiguration section */
		3BD396D71D9BED1C00768B89 /* Debug */ = {
			isa = XCBuildConfiguration;
			buildSettings = {
				ALWAYS_SEARCH_USER_PATHS = NO;
				CLANG_ANALYZER_NONNULL = YES;
				CLANG_CXX_LANGUAGE_STANDARD = "gnu++0x";
				CLANG_CXX_LIBRARY = "libc++";
				CLANG_ENABLE_MODULES = YES;
				CLANG_ENABLE_OBJC_ARC = YES;
				CLANG_WARN_BOOL_CONVERSION = YES;
				CLANG_WARN_CONSTANT_CONVERSION = YES;
				CLANG_WARN_DIRECT_OBJC_ISA_USAGE = YES_ERROR;
				CLANG_WARN_DOCUMENTATION_COMMENTS = YES;
				CLANG_WARN_EMPTY_BODY = YES;
				CLANG_WARN_ENUM_CONVERSION = YES;
				CLANG_WARN_INFINITE_RECURSION = YES;
				CLANG_WARN_INT_CONVERSION = YES;
				CLANG_WARN_OBJC_ROOT_CLASS = YES_ERROR;
				CLANG_WARN_SUSPICIOUS_MOVES = YES;
				CLANG_WARN_UNREACHABLE_CODE = YES;
				CLANG_WARN__DUPLICATE_METHOD_MATCH = YES;
				"CODE_SIGN_IDENTITY[sdk=iphoneos*]" = "iPhone Developer";
				COPY_PHASE_STRIP = NO;
				DEBUG_INFORMATION_FORMAT = dwarf;
				ENABLE_STRICT_OBJC_MSGSEND = YES;
				ENABLE_TESTABILITY = YES;
				GCC_C_LANGUAGE_STANDARD = gnu99;
				GCC_DYNAMIC_NO_PIC = NO;
				GCC_NO_COMMON_BLOCKS = YES;
				GCC_OPTIMIZATION_LEVEL = 0;
				GCC_PREPROCESSOR_DEFINITIONS = (
					"DEBUG=1",
					"$(inherited)",
				);
				GCC_WARN_64_TO_32_BIT_CONVERSION = YES;
				GCC_WARN_ABOUT_RETURN_TYPE = YES_ERROR;
				GCC_WARN_UNDECLARED_SELECTOR = YES;
				GCC_WARN_UNINITIALIZED_AUTOS = YES_AGGRESSIVE;
				GCC_WARN_UNUSED_FUNCTION = YES;
				GCC_WARN_UNUSED_VARIABLE = YES;
				IPHONEOS_DEPLOYMENT_TARGET = 10.0;
				MTL_ENABLE_DEBUG_INFO = YES;
				ONLY_ACTIVE_ARCH = YES;
				SDKROOT = iphoneos;
			};
			name = Debug;
		};
		3BD396D81D9BED1C00768B89 /* Release */ = {
			isa = XCBuildConfiguration;
			buildSettings = {
				ALWAYS_SEARCH_USER_PATHS = NO;
				CLANG_ANALYZER_NONNULL = YES;
				CLANG_CXX_LANGUAGE_STANDARD = "gnu++0x";
				CLANG_CXX_LIBRARY = "libc++";
				CLANG_ENABLE_MODULES = YES;
				CLANG_ENABLE_OBJC_ARC = YES;
				CLANG_WARN_BOOL_CONVERSION = YES;
				CLANG_WARN_CONSTANT_CONVERSION = YES;
				CLANG_WARN_DIRECT_OBJC_ISA_USAGE = YES_ERROR;
				CLANG_WARN_DOCUMENTATION_COMMENTS = YES;
				CLANG_WARN_EMPTY_BODY = YES;
				CLANG_WARN_ENUM_CONVERSION = YES;
				CLANG_WARN_INFINITE_RECURSION = YES;
				CLANG_WARN_INT_CONVERSION = YES;
				CLANG_WARN_OBJC_ROOT_CLASS = YES_ERROR;
				CLANG_WARN_SUSPICIOUS_MOVES = YES;
				CLANG_WARN_UNREACHABLE_CODE = YES;
				CLANG_WARN__DUPLICATE_METHOD_MATCH = YES;
				"CODE_SIGN_IDENTITY[sdk=iphoneos*]" = "iPhone Developer";
				COPY_PHASE_STRIP = NO;
				DEBUG_INFORMATION_FORMAT = "dwarf-with-dsym";
				ENABLE_NS_ASSERTIONS = NO;
				ENABLE_STRICT_OBJC_MSGSEND = YES;
				GCC_C_LANGUAGE_STANDARD = gnu99;
				GCC_NO_COMMON_BLOCKS = YES;
				GCC_WARN_64_TO_32_BIT_CONVERSION = YES;
				GCC_WARN_ABOUT_RETURN_TYPE = YES_ERROR;
				GCC_WARN_UNDECLARED_SELECTOR = YES;
				GCC_WARN_UNINITIALIZED_AUTOS = YES_AGGRESSIVE;
				GCC_WARN_UNUSED_FUNCTION = YES;
				GCC_WARN_UNUSED_VARIABLE = YES;
				IPHONEOS_DEPLOYMENT_TARGET = 10.0;
				MTL_ENABLE_DEBUG_INFO = NO;
				SDKROOT = iphoneos;
				VALIDATE_PRODUCT = YES;
			};
			name = Release;
		};
		3BD396DA1D9BED1C00768B89 /* Debug */ = {
			isa = XCBuildConfiguration;
			baseConfigurationReference = 8141261E58DFA1A79244107C /* Pods-Sex.debug.xcconfig */;
			buildSettings = {
				ASSETCATALOG_COMPILER_APPICON_NAME = AppIcon;
				ASSETCATALOG_COMPILER_LAUNCHIMAGE_NAME = LaunchImage;
				CODE_SIGN_ENTITLEMENTS = Sex/Sex.entitlements;
				DEVELOPMENT_TEAM = S8238R3HUC;
				INFOPLIST_FILE = "Sex/Supporting Files/Info.plist";
				LD_RUNPATH_SEARCH_PATHS = "$(inherited) @executable_path/Frameworks";
				LIBRARY_SEARCH_PATHS = (
					"$(inherited)",
					"$(PROJECT_DIR)/Sex",
					"$(PROJECT_DIR)/Sex/Components/WeChat",
				);
				PRODUCT_BUNDLE_IDENTIFIER = Shendong.Sex;
				PRODUCT_NAME = "$(TARGET_NAME)";
			};
			name = Debug;
		};
		3BD396DB1D9BED1C00768B89 /* Release */ = {
			isa = XCBuildConfiguration;
			baseConfigurationReference = 364329D8A149E03F33FF2214 /* Pods-Sex.release.xcconfig */;
			buildSettings = {
				ASSETCATALOG_COMPILER_APPICON_NAME = AppIcon;
				ASSETCATALOG_COMPILER_LAUNCHIMAGE_NAME = LaunchImage;
				CODE_SIGN_ENTITLEMENTS = Sex/Sex.entitlements;
				DEVELOPMENT_TEAM = S8238R3HUC;
				INFOPLIST_FILE = "Sex/Supporting Files/Info.plist";
				LD_RUNPATH_SEARCH_PATHS = "$(inherited) @executable_path/Frameworks";
				LIBRARY_SEARCH_PATHS = (
					"$(inherited)",
					"$(PROJECT_DIR)/Sex",
					"$(PROJECT_DIR)/Sex/Components/WeChat",
				);
				PRODUCT_BUNDLE_IDENTIFIER = Shendong.Sex;
				PRODUCT_NAME = "$(TARGET_NAME)";
			};
			name = Release;
		};
/* End XCBuildConfiguration section */

/* Begin XCConfigurationList section */
		3BD396BD1D9BED1C00768B89 /* Build configuration list for PBXProject "Sex" */ = {
			isa = XCConfigurationList;
			buildConfigurations = (
				3BD396D71D9BED1C00768B89 /* Debug */,
				3BD396D81D9BED1C00768B89 /* Release */,
			);
			defaultConfigurationIsVisible = 0;
			defaultConfigurationName = Release;
		};
		3BD396D91D9BED1C00768B89 /* Build configuration list for PBXNativeTarget "Sex" */ = {
			isa = XCConfigurationList;
			buildConfigurations = (
				3BD396DA1D9BED1C00768B89 /* Debug */,
				3BD396DB1D9BED1C00768B89 /* Release */,
			);
			defaultConfigurationIsVisible = 0;
			defaultConfigurationName = Release;
		};
/* End XCConfigurationList section */
	};
	rootObject = 3BD396BA1D9BED1C00768B89 /* Project object */;
}
